
Microsoft Visual Studio Solution File, Format Version 12.00
Project("{2150E333-8FDC-42A3-9474-1A3956D46DE8}") = "src", "src", "{C64BFE43-F9A0-4FA9-9C3B-AF5F619E45E4}"
EndProject
Project("{2150E333-8FDC-42A3-9474-1A3956D46DE8}") = "test", "test", "{489A4A58-EB0C-4B22-AAE3-C7ECF9B8FE87}"
EndProject
Project("{FAE04EC0-301F-11D3-BF4B-00C04F79EFBC}") = "Hhs.ContentService.Http.Host", "src\Hhs.ContentService.Http.Host\Hhs.ContentService.Http.Host.csproj", "{461B798D-AF81-4857-81D6-ACAE32DBBD87}"
EndProject
Project("{FAE04EC0-301F-11D3-BF4B-00C04F79EFBC}") = "Hhs.ContentService.Application", "src\Hhs.ContentService.Application\Hhs.ContentService.Application.csproj", "{EBB56288-249F-4174-902A-F5390493E8D4}"
EndProject
Project("{FAE04EC0-301F-11D3-BF4B-00C04F79EFBC}") = "Hhs.ContentService.Domain", "src\Hhs.ContentService.Domain\Hhs.ContentService.Domain.csproj", "{1775E399-216A-4611-8E38-5EA22EBE85B6}"
EndProject
Project("{FAE04EC0-301F-11D3-BF4B-00C04F79EFBC}") = "Hhs.ContentService.EntityFrameworkCore", "src\Hhs.ContentService.EntityFrameworkCore\Hhs.ContentService.EntityFrameworkCore.csproj", "{9E20718B-1D3D-47B7-A51D-6F8F7A351B36}"
EndProject
Project("{FAE04EC0-301F-11D3-BF4B-00C04F79EFBC}") = "OpenAI.Test.Console", "test\OpenAI.Test.Console\OpenAI.Test.Console.csproj", "{5D46ABC7-A503-4911-8AB6-4D2F364B630D}"
EndProject
Project("{FAE04EC0-301F-11D3-BF4B-00C04F79EFBC}") = "YepicAI.Test.Console", "test\YepicAI.Test.Console\YepicAI.Test.Console.csproj", "{8C981BCB-B845-463F-8B46-50EB1C30B7E3}"
EndProject
Project("{FAE04EC0-301F-11D3-BF4B-00C04F79EFBC}") = "Client.Test.Console", "test\Client.Test.Console\Client.Test.Console.csproj", "{A6DAC739-F361-4B53-8C94-438663FF531F}"
EndProject
Project("{2150E333-8FDC-42A3-9474-1A3956D46DE8}") = "Domain", "Domain", "{EA5AE1AA-3201-4D85-B62A-B224FC968742}"
EndProject
Project("{2150E333-8FDC-42A3-9474-1A3956D46DE8}") = "Hosting", "Hosting", "{EAF505E6-79B8-4D96-9376-06E9780489C6}"
EndProject
Project("{FAE04EC0-301F-11D3-BF4B-00C04F79EFBC}") = "Hhs.ContentService.Test.Shared", "test\Hhs.ContentService.Test.Shared\Hhs.ContentService.Test.Shared.csproj", "{850368C2-2B51-447E-9DC8-5ADB26E5320E}"
EndProject
Project("{FAE04EC0-301F-11D3-BF4B-00C04F79EFBC}") = "Hhs.ContentService.Test.Functional", "test\Hhs.ContentService.Test.Functional\Hhs.ContentService.Test.Functional.csproj", "{F977A223-5F45-4793-9788-3FBB2988DE84}"
EndProject
Global
	GlobalSection(SolutionConfigurationPlatforms) = preSolution
		Debug|Any CPU = Debug|Any CPU
		Release|Any CPU = Release|Any CPU
	EndGlobalSection
	GlobalSection(NestedProjects) = preSolution
		{5D46ABC7-A503-4911-8AB6-4D2F364B630D} = {489A4A58-EB0C-4B22-AAE3-C7ECF9B8FE87}
		{8C981BCB-B845-463F-8B46-50EB1C30B7E3} = {489A4A58-EB0C-4B22-AAE3-C7ECF9B8FE87}
		{A6DAC739-F361-4B53-8C94-438663FF531F} = {489A4A58-EB0C-4B22-AAE3-C7ECF9B8FE87}
		{EA5AE1AA-3201-4D85-B62A-B224FC968742} = {C64BFE43-F9A0-4FA9-9C3B-AF5F619E45E4}
		{EAF505E6-79B8-4D96-9376-06E9780489C6} = {C64BFE43-F9A0-4FA9-9C3B-AF5F619E45E4}
		{461B798D-AF81-4857-81D6-ACAE32DBBD87} = {EAF505E6-79B8-4D96-9376-06E9780489C6}
		{EBB56288-249F-4174-902A-F5390493E8D4} = {EA5AE1AA-3201-4D85-B62A-B224FC968742}
		{1775E399-216A-4611-8E38-5EA22EBE85B6} = {EA5AE1AA-3201-4D85-B62A-B224FC968742}
		{9E20718B-1D3D-47B7-A51D-6F8F7A351B36} = {EA5AE1AA-3201-4D85-B62A-B224FC968742}
		{850368C2-2B51-447E-9DC8-5ADB26E5320E} = {489A4A58-EB0C-4B22-AAE3-C7ECF9B8FE87}
		{F977A223-5F45-4793-9788-3FBB2988DE84} = {489A4A58-EB0C-4B22-AAE3-C7ECF9B8FE87}
	EndGlobalSection
	GlobalSection(ProjectConfigurationPlatforms) = postSolution
		{461B798D-AF81-4857-81D6-ACAE32DBBD87}.Debug|Any CPU.ActiveCfg = Debug|Any CPU
		{461B798D-AF81-4857-81D6-ACAE32DBBD87}.Debug|Any CPU.Build.0 = Debug|Any CPU
		{461B798D-AF81-4857-81D6-ACAE32DBBD87}.Release|Any CPU.ActiveCfg = Release|Any CPU
		{461B798D-AF81-4857-81D6-ACAE32DBBD87}.Release|Any CPU.Build.0 = Release|Any CPU
		{EBB56288-249F-4174-902A-F5390493E8D4}.Debug|Any CPU.ActiveCfg = Debug|Any CPU
		{EBB56288-249F-4174-902A-F5390493E8D4}.Debug|Any CPU.Build.0 = Debug|Any CPU
		{EBB56288-249F-4174-902A-F5390493E8D4}.Release|Any CPU.ActiveCfg = Release|Any CPU
		{EBB56288-249F-4174-902A-F5390493E8D4}.Release|Any CPU.Build.0 = Release|Any CPU
		{1775E399-216A-4611-8E38-5EA22EBE85B6}.Debug|Any CPU.ActiveCfg = Debug|Any CPU
		{1775E399-216A-4611-8E38-5EA22EBE85B6}.Debug|Any CPU.Build.0 = Debug|Any CPU
		{1775E399-216A-4611-8E38-5EA22EBE85B6}.Release|Any CPU.ActiveCfg = Release|Any CPU
		{1775E399-216A-4611-8E38-5EA22EBE85B6}.Release|Any CPU.Build.0 = Release|Any CPU
		{9E20718B-1D3D-47B7-A51D-6F8F7A351B36}.Debug|Any CPU.ActiveCfg = Debug|Any CPU
		{9E20718B-1D3D-47B7-A51D-6F8F7A351B36}.Debug|Any CPU.Build.0 = Debug|Any CPU
		{9E20718B-1D3D-47B7-A51D-6F8F7A351B36}.Release|Any CPU.ActiveCfg = Release|Any CPU
		{9E20718B-1D3D-47B7-A51D-6F8F7A351B36}.Release|Any CPU.Build.0 = Release|Any CPU
		{5D46ABC7-A503-4911-8AB6-4D2F364B630D}.Debug|Any CPU.ActiveCfg = Debug|Any CPU
		{5D46ABC7-A503-4911-8AB6-4D2F364B630D}.Debug|Any CPU.Build.0 = Debug|Any CPU
		{5D46ABC7-A503-4911-8AB6-4D2F364B630D}.Release|Any CPU.ActiveCfg = Release|Any CPU
		{5D46ABC7-A503-4911-8AB6-4D2F364B630D}.Release|Any CPU.Build.0 = Release|Any CPU
		{8C981BCB-B845-463F-8B46-50EB1C30B7E3}.Debug|Any CPU.ActiveCfg = Debug|Any CPU
		{8C981BCB-B845-463F-8B46-50EB1C30B7E3}.Debug|Any CPU.Build.0 = Debug|Any CPU
		{8C981BCB-B845-463F-8B46-50EB1C30B7E3}.Release|Any CPU.ActiveCfg = Release|Any CPU
		{8C981BCB-B845-463F-8B46-50EB1C30B7E3}.Release|Any CPU.Build.0 = Release|Any CPU
		{A6DAC739-F361-4B53-8C94-438663FF531F}.Debug|Any CPU.ActiveCfg = Debug|Any CPU
		{A6DAC739-F361-4B53-8C94-438663FF531F}.Debug|Any CPU.Build.0 = Debug|Any CPU
		{A6DAC739-F361-4B53-8C94-438663FF531F}.Release|Any CPU.ActiveCfg = Release|Any CPU
		{A6DAC739-F361-4B53-8C94-438663FF531F}.Release|Any CPU.Build.0 = Release|Any CPU
		{850368C2-2B51-447E-9DC8-5ADB26E5320E}.Debug|Any CPU.ActiveCfg = Debug|Any CPU
		{850368C2-2B51-447E-9DC8-5ADB26E5320E}.Debug|Any CPU.Build.0 = Debug|Any CPU
		{850368C2-2B51-447E-9DC8-5ADB26E5320E}.Release|Any CPU.ActiveCfg = Release|Any CPU
		{850368C2-2B51-447E-9DC8-5ADB26E5320E}.Release|Any CPU.Build.0 = Release|Any CPU
		{F977A223-5F45-4793-9788-3FBB2988DE84}.Debug|Any CPU.ActiveCfg = Debug|Any CPU
		{F977A223-5F45-4793-9788-3FBB2988DE84}.Debug|Any CPU.Build.0 = Debug|Any CPU
		{F977A223-5F45-4793-9788-3FBB2988DE84}.Release|Any CPU.ActiveCfg = Release|Any CPU
		{F977A223-5F45-4793-9788-3FBB2988DE84}.Release|Any CPU.Build.0 = Release|Any CPU
	EndGlobalSection
EndGlobal
