
Microsoft Visual Studio Solution File, Format Version 12.00
# Visual Studio Version 17
VisualStudioVersion = 17.6.33417.168
MinimumVisualStudioVersion = 10.0.40219.1
Project("{2150E333-8FDC-42A3-9474-1A3956D46DE8}") = "src", "src", "{5DF0E140-0513-4D0D-BE2E-3D4D85CD70E6}"
EndProject
Project("{2150E333-8FDC-42A3-9474-1A3956D46DE8}") = "test", "test", "{447C8A77-E5F0-4538-8687-7383196D04EA}"
EndProject
Project("{9A19103F-16F7-4668-BE54-9A1E7A4F7556}") = "HsnSoft.Base.AspNetCore", "src\HsnSoft.Base.AspNetCore\HsnSoft.Base.AspNetCore.csproj", "{02BE03BA-3411-448C-AB61-CB36407CC49A}"
EndProject
Project("{9A19103F-16F7-4668-BE54-9A1E7A4F7556}") = "HsnSoft.Base.EntityFrameworkCore", "src\HsnSoft.Base.EntityFrameworkCore\HsnSoft.Base.EntityFrameworkCore.csproj", "{A1AE63E9-0CF4-4AFB-A584-65D826DEA3CB}"
EndProject
Project("{9A19103F-16F7-4668-BE54-9A1E7A4F7556}") = "HsnSoft.Base.AspNetCore.Mvc", "src\HsnSoft.Base.AspNetCore.Mvc\HsnSoft.Base.AspNetCore.Mvc.csproj", "{3FB342CA-23B6-4795-91EF-C664527C07B7}"
EndProject
Project("{9A19103F-16F7-4668-BE54-9A1E7A4F7556}") = "HsnSoft.Base.MongoDB", "src\HsnSoft.Base.MongoDB\HsnSoft.Base.MongoDB.csproj", "{B31FFAE3-5DAC-4E51-BD17-F7446B741A36}"
EndProject
Project("{9A19103F-16F7-4668-BE54-9A1E7A4F7556}") = "HsnSoft.Base.AspNetCore.Mvc.UI", "src\HsnSoft.Base.AspNetCore.Mvc.UI\HsnSoft.Base.AspNetCore.Mvc.UI.csproj", "{BF9AB22C-F48D-4DDE-A894-BC28EB37166B}"
EndProject
Project("{9A19103F-16F7-4668-BE54-9A1E7A4F7556}") = "HsnSoft.Base.AutoMapper", "src\HsnSoft.Base.AutoMapper\HsnSoft.Base.AutoMapper.csproj", "{D2F3594F-E2B9-4338-A022-F00C4E9A14C3}"
EndProject
Project("{9A19103F-16F7-4668-BE54-9A1E7A4F7556}") = "HsnSoft.Base.Http.Client", "src\HsnSoft.Base.Http.Client\HsnSoft.Base.Http.Client.csproj", "{D5E2FB37-0194-480A-B952-5FFECC1200EB}"
EndProject
Project("{9A19103F-16F7-4668-BE54-9A1E7A4F7556}") = "HsnSoft.Base.VirtualFileSystem", "src\HsnSoft.Base.VirtualFileSystem\HsnSoft.Base.VirtualFileSystem.csproj", "{6E6A7554-3488-45AB-BC0E-9BDE1F19789D}"
EndProject
Project("{9A19103F-16F7-4668-BE54-9A1E7A4F7556}") = "HsnSoft.Base.Core", "src\HsnSoft.Base.Core\HsnSoft.Base.Core.csproj", "{A7A97BFD-48FA-45D1-8423-031BA30BEAA1}"
EndProject
Project("{9A19103F-16F7-4668-BE54-9A1E7A4F7556}") = "HsnSoft.Base.Localization", "src\HsnSoft.Base.Localization\HsnSoft.Base.Localization.csproj", "{166E89F7-A505-45F2-B4CD-F345DE39030E}"
EndProject
Project("{9A19103F-16F7-4668-BE54-9A1E7A4F7556}") = "HsnSoft.Base.Data", "src\HsnSoft.Base.Data\HsnSoft.Base.Data.csproj", "{5E7381EE-54BC-4BFD-883A-8C6578C2CAD7}"
EndProject
Project("{9A19103F-16F7-4668-BE54-9A1E7A4F7556}") = "HsnSoft.Base.MultiTenancy", "src\HsnSoft.Base.MultiTenancy\HsnSoft.Base.MultiTenancy.csproj", "{10EB789E-C993-4BE8-BA43-C419936C7233}"
EndProject
Project("{9A19103F-16F7-4668-BE54-9A1E7A4F7556}") = "HsnSoft.Base.ObjectMapping", "src\HsnSoft.Base.ObjectMapping\HsnSoft.Base.ObjectMapping.csproj", "{8D22063D-88DE-4F7A-A917-C81AB4ACE601}"
EndProject
Project("{9A19103F-16F7-4668-BE54-9A1E7A4F7556}") = "HsnSoft.Base.Validation", "src\HsnSoft.Base.Validation\HsnSoft.Base.Validation.csproj", "{5BECBCEF-459F-424B-A15A-0558D291842A}"
EndProject
Project("{9A19103F-16F7-4668-BE54-9A1E7A4F7556}") = "HsnSoft.Base.Security", "src\HsnSoft.Base.Security\HsnSoft.Base.Security.csproj", "{D43CC2C9-449A-4619-B5C6-CBC72BCA0512}"
EndProject
Project("{9A19103F-16F7-4668-BE54-9A1E7A4F7556}") = "HsnSoft.Base.Authorization", "src\HsnSoft.Base.Authorization\HsnSoft.Base.Authorization.csproj", "{74ECE2F5-A7FB-4363-BDD3-EDAF13F845C8}"
EndProject
Project("{9A19103F-16F7-4668-BE54-9A1E7A4F7556}") = "HsnSoft.Base.Json", "src\HsnSoft.Base.Json\HsnSoft.Base.Json.csproj", "{89E49906-6606-4126-AB3C-1605E17A1F68}"
EndProject
Project("{9A19103F-16F7-4668-BE54-9A1E7A4F7556}") = "HsnSoft.Base.Timing", "src\HsnSoft.Base.Timing\HsnSoft.Base.Timing.csproj", "{46EF4B32-327C-4AFF-B39D-8202580847DB}"
EndProject
Project("{9A19103F-16F7-4668-BE54-9A1E7A4F7556}") = "HsnSoft.Base.UI", "src\HsnSoft.Base.UI\HsnSoft.Base.UI.csproj", "{4AFAFAF8-06FB-48D4-AFA6-B32215584E96}"
EndProject
Project("{9A19103F-16F7-4668-BE54-9A1E7A4F7556}") = "HsnSoft.Base.UI.Navigation", "src\HsnSoft.Base.UI.Navigation\HsnSoft.Base.UI.Navigation.csproj", "{6F80DD0F-D91C-4A69-A20E-BB687036EFA8}"
EndProject
Project("{9A19103F-16F7-4668-BE54-9A1E7A4F7556}") = "HsnSoft.Base.EventBus", "src\HsnSoft.Base.EventBus\HsnSoft.Base.EventBus.csproj", "{D9455AE7-2E0C-4647-9880-F5831BCEE3D8}"
EndProject
Project("{9A19103F-16F7-4668-BE54-9A1E7A4F7556}") = "HsnSoft.Base.Ddd.Domain", "src\HsnSoft.Base.Ddd.Domain\HsnSoft.Base.Ddd.Domain.csproj", "{D1318094-7907-4826-B5F3-CFFC741F235F}"
EndProject
Project("{9A19103F-16F7-4668-BE54-9A1E7A4F7556}") = "HsnSoft.Base.Ddd.Application", "src\HsnSoft.Base.Ddd.Application\HsnSoft.Base.Ddd.Application.csproj", "{5AB7E368-1CC8-401D-9952-6CA6779305E7}"
EndProject
Project("{9A19103F-16F7-4668-BE54-9A1E7A4F7556}") = "HsnSoft.Base.Auditing", "src\HsnSoft.Base.Auditing\HsnSoft.Base.Auditing.csproj", "{03F51721-DA51-4BAE-9909-3FC88FAB7774}"
EndProject
Project("{9A19103F-16F7-4668-BE54-9A1E7A4F7556}") = "HsnSoft.Base.EntityFrameworkCore.SqlServer", "src\HsnSoft.Base.EntityFrameworkCore.SqlServer\HsnSoft.Base.EntityFrameworkCore.SqlServer.csproj", "{6EABA98D-0B71-4ED7-A939-AFDA106D1151}"
EndProject
Project("{9A19103F-16F7-4668-BE54-9A1E7A4F7556}") = "HsnSoft.Base.EventBus.RabbitMQ", "src\HsnSoft.Base.EventBus.RabbitMQ\HsnSoft.Base.EventBus.RabbitMQ.csproj", "{468C3DCB-8C00-40E7-AE51-0738EAAB312A}"
EndProject
Project("{9A19103F-16F7-4668-BE54-9A1E7A4F7556}") = "HsnSoft.Base.EntityFrameworkCore.MySQL", "src\HsnSoft.Base.EntityFrameworkCore.MySQL\HsnSoft.Base.EntityFrameworkCore.MySQL.csproj", "{27C120C9-F618-4C1D-B959-8D0B048D0835}"
EndProject
Project("{9A19103F-16F7-4668-BE54-9A1E7A4F7556}") = "HsnSoft.Base.EntityFrameworkCore.PostgreSql", "src\HsnSoft.Base.EntityFrameworkCore.PostgreSql\HsnSoft.Base.EntityFrameworkCore.PostgreSql.csproj", "{882E82F1-1A57-4BB9-B126-4CBF700C8F0C}"
EndProject
Project("{9A19103F-16F7-4668-BE54-9A1E7A4F7556}") = "HsnSoft.Base", "src\HsnSoft.Base\HsnSoft.Base.csproj", "{6C161F55-54B6-42A5-B177-3B0ED50323C1}"
EndProject
Project("{9A19103F-16F7-4668-BE54-9A1E7A4F7556}") = "HsnSoft.Base.EntityFrameworkCore.Sqlite", "src\HsnSoft.Base.EntityFrameworkCore.Sqlite\HsnSoft.Base.EntityFrameworkCore.Sqlite.csproj", "{58CF8957-5045-4F81-884D-72DF48F721CC}"
EndProject
Project("{9A19103F-16F7-4668-BE54-9A1E7A4F7556}") = "HsnSoft.Base.Serilog", "src\HsnSoft.Base.Serilog\HsnSoft.Base.Serilog.csproj", "{3B801003-BE74-49ED-9749-DA5E99F45EBF}"
EndProject
Project("{9A19103F-16F7-4668-BE54-9A1E7A4F7556}") = "HsnSoft.Base.BlobStoring", "src\HsnSoft.Base.BlobStoring\HsnSoft.Base.BlobStoring.csproj", "{A0CFBDD6-A3CB-438C-83F1-5025F12E2D42}"
EndProject
Project("{9A19103F-16F7-4668-BE54-9A1E7A4F7556}") = "HsnSoft.Base.BlobStoring.FileSystem", "src\HsnSoft.Base.BlobStoring.FileSystem\HsnSoft.Base.BlobStoring.FileSystem.csproj", "{02B1FBE2-850E-4612-ABC6-DD62BCF2DD6B}"
EndProject
Project("{9A19103F-16F7-4668-BE54-9A1E7A4F7556}") = "HsnSoft.Base.BlobStoring.Azure", "src\HsnSoft.Base.BlobStoring.Azure\HsnSoft.Base.BlobStoring.Azure.csproj", "{C44242F7-D55D-4867-AAF4-A786E404312E}"
EndProject
Project("{9A19103F-16F7-4668-BE54-9A1E7A4F7556}") = "HsnSoft.Base.BlobStoring.Minio", "src\HsnSoft.Base.BlobStoring.Minio\HsnSoft.Base.BlobStoring.Minio.csproj", "{658D7EDE-A057-4256-96B6-083D3C2B9704}"
EndProject
Project("{9A19103F-16F7-4668-BE54-9A1E7A4F7556}") = "HsnSoft.Base.EventBus.Kafka", "src\HsnSoft.Base.EventBus.Kafka\HsnSoft.Base.EventBus.Kafka.csproj", "{C1D891B0-AE83-42CB-987D-425A2787DE78}"
EndProject
Project("{9A19103F-16F7-4668-BE54-9A1E7A4F7556}") = "HsnSoft.Base.ExceptionHandling", "src\HsnSoft.Base.ExceptionHandling\HsnSoft.Base.ExceptionHandling.csproj", "{B9D1ADCB-D552-4626-A1F1-78FF72C1E822}"
EndProject
Project("{9A19103F-16F7-4668-BE54-9A1E7A4F7556}") = "HsnSoft.Base.Swashbuckle", "src\HsnSoft.Base.Swashbuckle\HsnSoft.Base.Swashbuckle.csproj", "{DD9519E0-5A68-48DC-A051-7BF2AC922F3E}"
EndProject
Project("{9A19103F-16F7-4668-BE54-9A1E7A4F7556}") = "HsnSoft.Base.EventBus.Azure", "src\HsnSoft.Base.EventBus.Azure\HsnSoft.Base.EventBus.Azure.csproj", "{FB27F78E-F10E-4810-9B8E-BCD67DCFC8A2}"
EndProject
Project("{9A19103F-16F7-4668-BE54-9A1E7A4F7556}") = "HsnSoft.Base.Authorization.Abstractions", "src\HsnSoft.Base.Authorization.Abstractions\HsnSoft.Base.Authorization.Abstractions.csproj", "{87B0C2A8-FE95-4779-8B9C-2181AA52B3FA}"
EndProject
Project("{9A19103F-16F7-4668-BE54-9A1E7A4F7556}") = "HsnSoft.Base.Json.Newtonsoft", "src\HsnSoft.Base.Json.Newtonsoft\HsnSoft.Base.Json.Newtonsoft.csproj", "{9DD41C8F-0886-483C-B98B-C55EAA7F226D}"
EndProject
Project("{9A19103F-16F7-4668-BE54-9A1E7A4F7556}") = "HsnSoft.Base.Json.SystemTextJson", "src\HsnSoft.Base.Json.SystemTextJson\HsnSoft.Base.Json.SystemTextJson.csproj", "{0AD06E14-CBFE-4551-8D18-9E921D8F2A87}"
EndProject
Project("{9A19103F-16F7-4668-BE54-9A1E7A4F7556}") = "HsnSoft.Base.Json.Abstractions", "src\HsnSoft.Base.Json.Abstractions\HsnSoft.Base.Json.Abstractions.csproj", "{08531C5D-0436-4721-986D-96446CF54316}"
EndProject
Project("{FAE04EC0-301F-11D3-BF4B-00C04F79EFBC}") = "HsnSoft.Base.PuppeTeer", "src\HsnSoft.Base.PuppeTeer\HsnSoft.Base.PuppeTeer.csproj", "{7B225D11-228A-4B3A-A32D-FB329ADF85E1}"
EndProject
Project("{FAE04EC0-301F-11D3-BF4B-00C04F79EFBC}") = "HsnSoft.Base.BlobStoring.Aws", "src\HsnSoft.Base.BlobStoring.Aws\HsnSoft.Base.BlobStoring.Aws.csproj", "{5F157B3A-78DC-45BA-8862-3DE86254EC5E}"
EndProject
Project("{FAE04EC0-301F-11D3-BF4B-00C04F79EFBC}") = "HsnSoft.Base.Caching.StackExchangeRedis", "src\HsnSoft.Base.Caching.StackExchangeRedis\HsnSoft.Base.Caching.StackExchangeRedis.csproj", "{AD263790-2FC4-4A2E-892C-29FFEB81E0AA}"
EndProject
Project("{FAE04EC0-301F-11D3-BF4B-00C04F79EFBC}") = "HsnSoft.Base.Test.Unit", "test\HsnSoft.Base.Test.Unit\HsnSoft.Base.Test.Unit.csproj", "{CCA1A3D6-D5A6-47FD-91F4-DB25AB91141B}"
EndProject
Project("{FAE04EC0-301F-11D3-BF4B-00C04F79EFBC}") = "HsnSoft.Base.Test.Api", "test\HsnSoft.Base.Test.Api\HsnSoft.Base.Test.Api.csproj", "{921A774C-0834-4FDB-A066-937778230C59}"
EndProject
Project("{FAE04EC0-301F-11D3-BF4B-00C04F79EFBC}") = "HsnSoft.Base.Test.Api.Application", "test\HsnSoft.Base.Test.Api.Application\HsnSoft.Base.Test.Api.Application.csproj", "{13E9E846-B1FB-48BB-B5DC-AB23E302FFD2}"
EndProject
Project("{FAE04EC0-301F-11D3-BF4B-00C04F79EFBC}") = "HsnSoft.Base.Test.Api.Domain", "test\HsnSoft.Base.Test.Api.Domain\HsnSoft.Base.Test.Api.Domain.csproj", "{432292AD-4D3C-4B53-9201-B0C7FAD0AC2B}"
EndProject
Project("{FAE04EC0-301F-11D3-BF4B-00C04F79EFBC}") = "HsnSoft.Base.Test.Api.MongoDb", "test\HsnSoft.Base.Test.Api.MongoDb\HsnSoft.Base.Test.Api.MongoDb.csproj", "{008BCDFB-FC03-43FD-812C-6368B5B42928}"
EndProject
Project("{FAE04EC0-301F-11D3-BF4B-00C04F79EFBC}") = "HsnSoft.Base.Test.Api.EfCore", "test\HsnSoft.Base.Test.Api.EfCore\HsnSoft.Base.Test.Api.EfCore.csproj", "{BE5F86D2-8437-46B6-860B-AA03000A4E52}"
EndProject
Project("{FAE04EC0-301F-11D3-BF4B-00C04F79EFBC}") = "HsnSoft.Base.Test.Api.Helper", "test\HsnSoft.Base.Test.Api.Helper\HsnSoft.Base.Test.Api.Helper.csproj", "{B6BFF354-EF80-4F84-8D01-BB49087E1D9B}"
EndProject
Project("{2150E333-8FDC-42A3-9474-1A3956D46DE8}") = "Domain", "Domain", "{12DF0A7A-3688-4F0D-837B-6AF3CA39DBC8}"
EndProject
Project("{FAE04EC0-301F-11D3-BF4B-00C04F79EFBC}") = "HsnSoft.Base.Test.Api.Hosting", "test\HsnSoft.Base.Test.Api.Hosting\HsnSoft.Base.Test.Api.Hosting.csproj", "{F622D07D-DF30-4C6B-B83A-E804716F6925}"
EndProject
Project("{2150E333-8FDC-42A3-9474-1A3956D46DE8}") = "Shared", "Shared", "{5F372FCA-1389-492D-8A11-6E1311A4FAAE}"
EndProject
Project("{2150E333-8FDC-42A3-9474-1A3956D46DE8}") = "vps", "vps", "{A523AC16-0F58-446A-A1E5-DD8316D80B17}"
EndProject
Project("{2150E333-8FDC-42A3-9474-1A3956D46DE8}") = "app", "app", "{F37AB0D0-A8E8-45B8-B699-E417282F1680}"
EndProject
Project("{2150E333-8FDC-42A3-9474-1A3956D46DE8}") = "gateway", "gateway", "{117F0C6E-1D05-4AB4-8450-EFF4EB5C99DE}"
EndProject
Project("{2150E333-8FDC-42A3-9474-1A3956D46DE8}") = "service", "service", "{D30966B7-7D02-4AA0-B682-E8CF7B85D5BA}"
EndProject
Project("{2150E333-8FDC-42A3-9474-1A3956D46DE8}") = "shared", "shared", "{D59C15BD-8D7D-475A-A1A8-732901DB4715}"
EndProject
Project("{FAE04EC0-301F-11D3-BF4B-00C04F79EFBC}") = "Hhs.Shared.Contracts", "vps\shared\src\Hhs.Shared.Contracts\Hhs.Shared.Contracts.csproj", "{B7689AA5-442E-4C51-A4E5-1A0665763760}"
EndProject
Project("{FAE04EC0-301F-11D3-BF4B-00C04F79EFBC}") = "Hhs.Shared.Helper", "vps\shared\src\Hhs.Shared.Helper\Hhs.Shared.Helper.csproj", "{D921FA42-0A0A-4C5A-9936-67DD94CB925D}"
EndProject
Project("{FAE04EC0-301F-11D3-BF4B-00C04F79EFBC}") = "Hhs.Shared.Hosting", "vps\shared\src\Hhs.Shared.Hosting\Hhs.Shared.Hosting.csproj", "{5837881B-E329-4749-BBAC-E2CB6FA401E4}"
EndProject
Project("{FAE04EC0-301F-11D3-BF4B-00C04F79EFBC}") = "Hhs.Shared.Hosting.Gateways", "vps\shared\src\Hhs.Shared.Hosting.Gateways\Hhs.Shared.Hosting.Gateways.csproj", "{B2BBFF99-1B52-41B3-8E9E-85C813F6EFA8}"
EndProject
Project("{FAE04EC0-301F-11D3-BF4B-00C04F79EFBC}") = "Hhs.Shared.Hosting.Microservices", "vps\shared\src\Hhs.Shared.Hosting.Microservices\Hhs.Shared.Hosting.Microservices.csproj", "{7CD3D8AD-6C3B-4966-909E-5E44783F5B9C}"
EndProject
Project("{FAE04EC0-301F-11D3-BF4B-00C04F79EFBC}") = "Hhs.Shared.Localization", "vps\shared\src\Hhs.Shared.Localization\Hhs.Shared.Localization.csproj", "{EF94806F-F115-4300-B2FB-4E140B9D6D47}"
EndProject
Project("{FAE04EC0-301F-11D3-BF4B-00C04F79EFBC}") = "Hhs.Gateway.Commercial.Http.Host", "vps\gateway\commercial\src\Hhs.Gateway.Commercial.Http.Host\Hhs.Gateway.Commercial.Http.Host.csproj", "{D78558DB-E8CA-477B-AFDB-6B68B341C697}"
EndProject
Project("{FAE04EC0-301F-11D3-BF4B-00C04F79EFBC}") = "Hhs.Commercial.Web.Http.Host", "vps\app\commercial\src\Hhs.Commercial.Web.Http.Host\Hhs.Commercial.Web.Http.Host.csproj", "{018102F6-C188-4261-B529-77A284A78D3A}"
EndProject
Project("{FAE04EC0-301F-11D3-BF4B-00C04F79EFBC}") = "Hhs.AuthServer.Http.Host", "vps\app\auth-server\src\Hhs.AuthServer.Http.Host\Hhs.AuthServer.Http.Host.csproj", "{4731C1D4-5E09-4178-BD3A-F095B777F44E}"
EndProject
Project("{2150E333-8FDC-42A3-9474-1A3956D46DE8}") = "administration", "administration", "{9D487F42-2C31-4FB7-96C7-FA7EDC97C20E}"
EndProject
Project("{2150E333-8FDC-42A3-9474-1A3956D46DE8}") = "content", "content", "{1341ABB6-9C86-488F-B3A0-DC65E1082EE3}"
EndProject
Project("{2150E333-8FDC-42A3-9474-1A3956D46DE8}") = "event-manager", "event-manager", "{A5EAE77F-3CB4-4B66-950A-9E87124D099E}"
EndProject
Project("{2150E333-8FDC-42A3-9474-1A3956D46DE8}") = "feedr", "feedr", "{B17EDA97-CBFB-49B4-9C8A-14CF05E7A61A}"
EndProject
Project("{2150E333-8FDC-42A3-9474-1A3956D46DE8}") = "identity", "identity", "{85D663EC-1951-4398-BE3C-531E3ED891DC}"
EndProject
Project("{2150E333-8FDC-42A3-9474-1A3956D46DE8}") = "text-normalizer", "text-normalizer", "{4824A52C-0E1F-460C-B51F-85046E375AAC}"
EndProject
Project("{2150E333-8FDC-42A3-9474-1A3956D46DE8}") = "video-generator", "video-generator", "{69FE8053-3BB2-478C-8824-208BCBDEB12F}"
EndProject
Project("{FAE04EC0-301F-11D3-BF4B-00C04F79EFBC}") = "Hhs.AdministrationService.Application", "vps\service\administration\src\Hhs.AdministrationService.Application\Hhs.AdministrationService.Application.csproj", "{DDB3F38E-D6D8-4103-BAD3-CA1E03A62C6E}"
EndProject
Project("{FAE04EC0-301F-11D3-BF4B-00C04F79EFBC}") = "Hhs.AdministrationService.Domain", "vps\service\administration\src\Hhs.AdministrationService.Domain\Hhs.AdministrationService.Domain.csproj", "{43EDD5B9-D947-4B09-96D0-81E3D15E5B18}"
EndProject
Project("{FAE04EC0-301F-11D3-BF4B-00C04F79EFBC}") = "Hhs.AdministrationService.EntityFrameworkCore", "vps\service\administration\src\Hhs.AdministrationService.EntityFrameworkCore\Hhs.AdministrationService.EntityFrameworkCore.csproj", "{6010E03F-5A33-460B-9550-639E76EB77D5}"
EndProject
Project("{FAE04EC0-301F-11D3-BF4B-00C04F79EFBC}") = "Hhs.AdministrationService.Http.Host", "vps\service\administration\src\Hhs.AdministrationService.Http.Host\Hhs.AdministrationService.Http.Host.csproj", "{4E622733-558E-4313-982E-FFC03FBFCBFB}"
EndProject
Project("{FAE04EC0-301F-11D3-BF4B-00C04F79EFBC}") = "Hhs.ContentService.Application", "vps\service\content\src\Hhs.ContentService.Application\Hhs.ContentService.Application.csproj", "{A314324C-8A19-440D-BE31-51E5CE33D2F8}"
EndProject
Project("{FAE04EC0-301F-11D3-BF4B-00C04F79EFBC}") = "Hhs.ContentService.Domain", "vps\service\content\src\Hhs.ContentService.Domain\Hhs.ContentService.Domain.csproj", "{5703AA28-E9D2-4A3C-8826-D8D53984249A}"
EndProject
Project("{FAE04EC0-301F-11D3-BF4B-00C04F79EFBC}") = "Hhs.ContentService.EntityFrameworkCore", "vps\service\content\src\Hhs.ContentService.EntityFrameworkCore\Hhs.ContentService.EntityFrameworkCore.csproj", "{121F9694-EAAF-49B7-8344-85B97DF0F7A6}"
EndProject
Project("{FAE04EC0-301F-11D3-BF4B-00C04F79EFBC}") = "Hhs.ContentService.Http.Host", "vps\service\content\src\Hhs.ContentService.Http.Host\Hhs.ContentService.Http.Host.csproj", "{3339C119-0C55-4F48-90AD-E9F29EF88F4F}"
EndProject
Project("{FAE04EC0-301F-11D3-BF4B-00C04F79EFBC}") = "Hhs.EventManagerService.Application", "vps\service\event-manager\src\Hhs.EventManagerService.Application\Hhs.EventManagerService.Application.csproj", "{96AFCCB9-B75A-49B7-A0E9-37DD351AF493}"
EndProject
Project("{FAE04EC0-301F-11D3-BF4B-00C04F79EFBC}") = "Hhs.EventManagerService.Domain", "vps\service\event-manager\src\Hhs.EventManagerService.Domain\Hhs.EventManagerService.Domain.csproj", "{87EA548F-28F7-42A1-96C5-72AD21818B24}"
EndProject
Project("{FAE04EC0-301F-11D3-BF4B-00C04F79EFBC}") = "Hhs.EventManagerService.Http.Host", "vps\service\event-manager\src\Hhs.EventManagerService.Http.Host\Hhs.EventManagerService.Http.Host.csproj", "{E79E99D9-E847-43F6-AA7C-21C87477758D}"
EndProject
Project("{FAE04EC0-301F-11D3-BF4B-00C04F79EFBC}") = "Hhs.EventManagerService.MongoDb", "vps\service\event-manager\src\Hhs.EventManagerService.MongoDb\Hhs.EventManagerService.MongoDb.csproj", "{FF7820D3-A8C9-4D81-A027-38884621F39D}"
EndProject
Project("{FAE04EC0-301F-11D3-BF4B-00C04F79EFBC}") = "Hhs.FeedRService.AdManager.Http.Host", "vps\service\feedr\src\Hhs.FeedRService.AdManager.Http.Host\Hhs.FeedRService.AdManager.Http.Host.csproj", "{1FF279B4-929E-4C33-A6CD-FE5B5C91C858}"
EndProject
Project("{FAE04EC0-301F-11D3-BF4B-00C04F79EFBC}") = "Hhs.FeedRService.Application", "vps\service\feedr\src\Hhs.FeedRService.Application\Hhs.FeedRService.Application.csproj", "{6F420ECA-0BFC-4FAF-8E49-B007D5256B14}"
EndProject
Project("{FAE04EC0-301F-11D3-BF4B-00C04F79EFBC}") = "Hhs.FeedRService.Domain", "vps\service\feedr\src\Hhs.FeedRService.Domain\Hhs.FeedRService.Domain.csproj", "{C2C65977-1214-4847-AD69-E1E40FCD1B2E}"
EndProject
Project("{FAE04EC0-301F-11D3-BF4B-00C04F79EFBC}") = "Hhs.FeedRService.EntityFrameworkCore", "vps\service\feedr\src\Hhs.FeedRService.EntityFrameworkCore\Hhs.FeedRService.EntityFrameworkCore.csproj", "{758A2407-47B1-4393-B51A-89F5A2785343}"
EndProject
Project("{FAE04EC0-301F-11D3-BF4B-00C04F79EFBC}") = "Hhs.FeedRService.MongoDb", "vps\service\feedr\src\Hhs.FeedRService.MongoDb\Hhs.FeedRService.MongoDb.csproj", "{E67309F8-6F34-42BE-B284-F13D8472BEBE}"
EndProject
Project("{FAE04EC0-301F-11D3-BF4B-00C04F79EFBC}") = "Hhs.IdentityService.Application", "vps\service\identity\src\Hhs.IdentityService.Application\Hhs.IdentityService.Application.csproj", "{668725F6-C0A8-4098-A425-5FC0901D1FDE}"
EndProject
Project("{FAE04EC0-301F-11D3-BF4B-00C04F79EFBC}") = "Hhs.IdentityService.Domain", "vps\service\identity\src\Hhs.IdentityService.Domain\Hhs.IdentityService.Domain.csproj", "{14450D3F-5235-4255-9842-E591918F236D}"
EndProject
Project("{FAE04EC0-301F-11D3-BF4B-00C04F79EFBC}") = "Hhs.IdentityService.EntityFrameworkCore", "vps\service\identity\src\Hhs.IdentityService.EntityFrameworkCore\Hhs.IdentityService.EntityFrameworkCore.csproj", "{F0BCD917-4495-49AB-988E-074B35318858}"
EndProject
Project("{FAE04EC0-301F-11D3-BF4B-00C04F79EFBC}") = "Hhs.IdentityService.Http.Host", "vps\service\identity\src\Hhs.IdentityService.Http.Host\Hhs.IdentityService.Http.Host.csproj", "{84B0B875-BC8C-498B-83F9-6168CFAAC173}"
EndProject
Project("{FAE04EC0-301F-11D3-BF4B-00C04F79EFBC}") = "Hhs.TextNormalizerService.Application", "vps\service\text-normalizer\src\Hhs.TextNormalizerService.Application\Hhs.TextNormalizerService.Application.csproj", "{C89FD4F2-6DF7-46BC-AEF1-5C2AE2FE31E6}"
EndProject
Project("{FAE04EC0-301F-11D3-BF4B-00C04F79EFBC}") = "Hhs.TextNormalizerService.Domain", "vps\service\text-normalizer\src\Hhs.TextNormalizerService.Domain\Hhs.TextNormalizerService.Domain.csproj", "{47F216F9-81A8-44B0-A832-29B377BFE7CC}"
EndProject
Project("{FAE04EC0-301F-11D3-BF4B-00C04F79EFBC}") = "Hhs.TextNormalizerService.Http.Host", "vps\service\text-normalizer\src\Hhs.TextNormalizerService.Http.Host\Hhs.TextNormalizerService.Http.Host.csproj", "{7B92DB89-496A-412F-AAB3-1996B8333A8A}"
EndProject
Project("{FAE04EC0-301F-11D3-BF4B-00C04F79EFBC}") = "Hhs.TextNormalizerService.MongoDb", "vps\service\text-normalizer\src\Hhs.TextNormalizerService.MongoDb\Hhs.TextNormalizerService.MongoDb.csproj", "{B0980E2E-5161-4D4B-A742-9DC93C04B5FE}"
EndProject
Project("{FAE04EC0-301F-11D3-BF4B-00C04F79EFBC}") = "Hhs.VideoGeneratorService.Application", "vps\service\video-generator\src\Hhs.VideoGeneratorService.Application\Hhs.VideoGeneratorService.Application.csproj", "{EF889A7F-1EDF-4BEE-ACDB-73306B49795A}"
EndProject
Project("{FAE04EC0-301F-11D3-BF4B-00C04F79EFBC}") = "Hhs.VideoGeneratorService.Domain", "vps\service\video-generator\src\Hhs.VideoGeneratorService.Domain\Hhs.VideoGeneratorService.Domain.csproj", "{4FCD38DD-8B2E-44BE-A2C4-BD700000D6BE}"
EndProject
Project("{FAE04EC0-301F-11D3-BF4B-00C04F79EFBC}") = "Hhs.VideoGeneratorService.Http.Host", "vps\service\video-generator\src\Hhs.VideoGeneratorService.Http.Host\Hhs.VideoGeneratorService.Http.Host.csproj", "{8C99842E-7AE7-4B8A-956E-22B3CA2B719D}"
EndProject
Project("{FAE04EC0-301F-11D3-BF4B-00C04F79EFBC}") = "Hhs.VideoGeneratorService.MongoDb", "vps\service\video-generator\src\Hhs.VideoGeneratorService.MongoDb\Hhs.VideoGeneratorService.MongoDb.csproj", "{5E18946B-1FA1-4EE2-BD5F-650603809690}"
EndProject
Project("{2150E333-8FDC-42A3-9474-1A3956D46DE8}") = "mock", "mock", "{27FD547A-4B4B-4C7B-A3E6-BDE0220F5318}"
EndProject
Project("{FAE04EC0-301F-11D3-BF4B-00C04F79EFBC}") = "Hhs.MockApi.AudioHQ", "vps\mock\Hhs.MockApi.AudioHQ\Hhs.MockApi.AudioHQ.csproj", "{0558ED0A-362B-4D31-9CDA-64EE380EBBDD}"
EndProject
Project("{FAE04EC0-301F-11D3-BF4B-00C04F79EFBC}") = "Hhs.MockApi.AudioQuick", "vps\mock\Hhs.MockApi.AudioQuick\Hhs.MockApi.AudioQuick.csproj", "{7E1F1756-7DD4-4671-A92A-E6BB206BE098}"
EndProject
Project("{FAE04EC0-301F-11D3-BF4B-00C04F79EFBC}") = "Hhs.MockApi.CdnBunnyS3", "vps\mock\Hhs.MockApi.CdnBunnyS3\Hhs.MockApi.CdnBunnyS3.csproj", "{F01ACEF5-92DE-466B-A8EF-3C2DC4221C60}"
EndProject
Project("{FAE04EC0-301F-11D3-BF4B-00C04F79EFBC}") = "Hhs.MockApi.CdnBunnySelf", "vps\mock\Hhs.MockApi.CdnBunnySelf\Hhs.MockApi.CdnBunnySelf.csproj", "{1E105B8C-5189-46C9-96E4-720ACD8CBAFC}"
EndProject
Project("{FAE04EC0-301F-11D3-BF4B-00C04F79EFBC}") = "Hhs.MockApi.CdnLocalMinio", "vps\mock\Hhs.MockApi.CdnLocalMinio\Hhs.MockApi.CdnLocalMinio.csproj", "{CAAAC5A5-B521-4830-B409-EE34167A53AB}"
EndProject
Project("{FAE04EC0-301F-11D3-BF4B-00C04F79EFBC}") = "Hhs.MockApi.OutlineFast", "vps\mock\Hhs.MockApi.OutlineFast\Hhs.MockApi.OutlineFast.csproj", "{242AB87D-E57E-4913-8E4F-32FC86000F54}"
EndProject
Project("{FAE04EC0-301F-11D3-BF4B-00C04F79EFBC}") = "Hhs.MockApi.OutlineQueue", "vps\mock\Hhs.MockApi.OutlineQueue\Hhs.MockApi.OutlineQueue.csproj", "{8E61CE22-9DCF-4EFF-8189-E6A2C496233F}"
EndProject
Project("{FAE04EC0-301F-11D3-BF4B-00C04F79EFBC}") = "Hhs.MockApi.Tester", "vps\mock\Hhs.MockApi.Tester\Hhs.MockApi.Tester.csproj", "{CD393397-1765-4F9F-A060-57C812A4C3D2}"
EndProject
Project("{FAE04EC0-301F-11D3-BF4B-00C04F79EFBC}") = "Hhs.MockApi.VideoQueueExternal", "vps\mock\Hhs.MockApi.VideoQueueExternal\Hhs.MockApi.VideoQueueExternal.csproj", "{899FEFB7-37AA-48D1-8DDD-A1ABE437DC19}"
EndProject
Project("{FAE04EC0-301F-11D3-BF4B-00C04F79EFBC}") = "Hhs.MockApi.VideoQueueInternal", "vps\mock\Hhs.MockApi.VideoQueueInternal\Hhs.MockApi.VideoQueueInternal.csproj", "{FACB6536-D4C7-48A6-B046-8715F4FA99CA}"
EndProject
Project("{FAE04EC0-301F-11D3-BF4B-00C04F79EFBC}") = "Hhs.RabbitMqReset", "vps\mock\Hhs.RabbitMqReset\Hhs.RabbitMqReset.csproj", "{5C7CDC26-EB1C-497A-96EF-BA3A19CB63B7}"
EndProject
Global
	GlobalSection(SolutionConfigurationPlatforms) = preSolution
		Debug|Any CPU = Debug|Any CPU
		Release|Any CPU = Release|Any CPU
	EndGlobalSection
	GlobalSection(ProjectConfigurationPlatforms) = postSolution
		{02BE03BA-3411-448C-AB61-CB36407CC49A}.Debug|Any CPU.ActiveCfg = Debug|Any CPU
		{02BE03BA-3411-448C-AB61-CB36407CC49A}.Debug|Any CPU.Build.0 = Debug|Any CPU
		{02BE03BA-3411-448C-AB61-CB36407CC49A}.Release|Any CPU.ActiveCfg = Release|Any CPU
		{02BE03BA-3411-448C-AB61-CB36407CC49A}.Release|Any CPU.Build.0 = Release|Any CPU
		{A1AE63E9-0CF4-4AFB-A584-65D826DEA3CB}.Debug|Any CPU.ActiveCfg = Debug|Any CPU
		{A1AE63E9-0CF4-4AFB-A584-65D826DEA3CB}.Debug|Any CPU.Build.0 = Debug|Any CPU
		{A1AE63E9-0CF4-4AFB-A584-65D826DEA3CB}.Release|Any CPU.ActiveCfg = Release|Any CPU
		{A1AE63E9-0CF4-4AFB-A584-65D826DEA3CB}.Release|Any CPU.Build.0 = Release|Any CPU
		{3FB342CA-23B6-4795-91EF-C664527C07B7}.Debug|Any CPU.ActiveCfg = Debug|Any CPU
		{3FB342CA-23B6-4795-91EF-C664527C07B7}.Debug|Any CPU.Build.0 = Debug|Any CPU
		{3FB342CA-23B6-4795-91EF-C664527C07B7}.Release|Any CPU.ActiveCfg = Release|Any CPU
		{3FB342CA-23B6-4795-91EF-C664527C07B7}.Release|Any CPU.Build.0 = Release|Any CPU
		{B31FFAE3-5DAC-4E51-BD17-F7446B741A36}.Debug|Any CPU.ActiveCfg = Debug|Any CPU
		{B31FFAE3-5DAC-4E51-BD17-F7446B741A36}.Debug|Any CPU.Build.0 = Debug|Any CPU
		{B31FFAE3-5DAC-4E51-BD17-F7446B741A36}.Release|Any CPU.ActiveCfg = Release|Any CPU
		{B31FFAE3-5DAC-4E51-BD17-F7446B741A36}.Release|Any CPU.Build.0 = Release|Any CPU
		{BF9AB22C-F48D-4DDE-A894-BC28EB37166B}.Debug|Any CPU.ActiveCfg = Debug|Any CPU
		{BF9AB22C-F48D-4DDE-A894-BC28EB37166B}.Debug|Any CPU.Build.0 = Debug|Any CPU
		{BF9AB22C-F48D-4DDE-A894-BC28EB37166B}.Release|Any CPU.ActiveCfg = Release|Any CPU
		{BF9AB22C-F48D-4DDE-A894-BC28EB37166B}.Release|Any CPU.Build.0 = Release|Any CPU
		{D2F3594F-E2B9-4338-A022-F00C4E9A14C3}.Debug|Any CPU.ActiveCfg = Debug|Any CPU
		{D2F3594F-E2B9-4338-A022-F00C4E9A14C3}.Debug|Any CPU.Build.0 = Debug|Any CPU
		{D2F3594F-E2B9-4338-A022-F00C4E9A14C3}.Release|Any CPU.ActiveCfg = Release|Any CPU
		{D2F3594F-E2B9-4338-A022-F00C4E9A14C3}.Release|Any CPU.Build.0 = Release|Any CPU
		{D5E2FB37-0194-480A-B952-5FFECC1200EB}.Debug|Any CPU.ActiveCfg = Debug|Any CPU
		{D5E2FB37-0194-480A-B952-5FFECC1200EB}.Debug|Any CPU.Build.0 = Debug|Any CPU
		{D5E2FB37-0194-480A-B952-5FFECC1200EB}.Release|Any CPU.ActiveCfg = Release|Any CPU
		{D5E2FB37-0194-480A-B952-5FFECC1200EB}.Release|Any CPU.Build.0 = Release|Any CPU
		{6E6A7554-3488-45AB-BC0E-9BDE1F19789D}.Debug|Any CPU.ActiveCfg = Debug|Any CPU
		{6E6A7554-3488-45AB-BC0E-9BDE1F19789D}.Debug|Any CPU.Build.0 = Debug|Any CPU
		{6E6A7554-3488-45AB-BC0E-9BDE1F19789D}.Release|Any CPU.ActiveCfg = Release|Any CPU
		{6E6A7554-3488-45AB-BC0E-9BDE1F19789D}.Release|Any CPU.Build.0 = Release|Any CPU
		{A7A97BFD-48FA-45D1-8423-031BA30BEAA1}.Debug|Any CPU.ActiveCfg = Debug|Any CPU
		{A7A97BFD-48FA-45D1-8423-031BA30BEAA1}.Debug|Any CPU.Build.0 = Debug|Any CPU
		{A7A97BFD-48FA-45D1-8423-031BA30BEAA1}.Release|Any CPU.ActiveCfg = Release|Any CPU
		{A7A97BFD-48FA-45D1-8423-031BA30BEAA1}.Release|Any CPU.Build.0 = Release|Any CPU
		{166E89F7-A505-45F2-B4CD-F345DE39030E}.Debug|Any CPU.ActiveCfg = Debug|Any CPU
		{166E89F7-A505-45F2-B4CD-F345DE39030E}.Debug|Any CPU.Build.0 = Debug|Any CPU
		{166E89F7-A505-45F2-B4CD-F345DE39030E}.Release|Any CPU.ActiveCfg = Release|Any CPU
		{166E89F7-A505-45F2-B4CD-F345DE39030E}.Release|Any CPU.Build.0 = Release|Any CPU
		{5E7381EE-54BC-4BFD-883A-8C6578C2CAD7}.Debug|Any CPU.ActiveCfg = Debug|Any CPU
		{5E7381EE-54BC-4BFD-883A-8C6578C2CAD7}.Debug|Any CPU.Build.0 = Debug|Any CPU
		{5E7381EE-54BC-4BFD-883A-8C6578C2CAD7}.Release|Any CPU.ActiveCfg = Release|Any CPU
		{5E7381EE-54BC-4BFD-883A-8C6578C2CAD7}.Release|Any CPU.Build.0 = Release|Any CPU
		{10EB789E-C993-4BE8-BA43-C419936C7233}.Debug|Any CPU.ActiveCfg = Debug|Any CPU
		{10EB789E-C993-4BE8-BA43-C419936C7233}.Debug|Any CPU.Build.0 = Debug|Any CPU
		{10EB789E-C993-4BE8-BA43-C419936C7233}.Release|Any CPU.ActiveCfg = Release|Any CPU
		{10EB789E-C993-4BE8-BA43-C419936C7233}.Release|Any CPU.Build.0 = Release|Any CPU
		{8D22063D-88DE-4F7A-A917-C81AB4ACE601}.Debug|Any CPU.ActiveCfg = Debug|Any CPU
		{8D22063D-88DE-4F7A-A917-C81AB4ACE601}.Debug|Any CPU.Build.0 = Debug|Any CPU
		{8D22063D-88DE-4F7A-A917-C81AB4ACE601}.Release|Any CPU.ActiveCfg = Release|Any CPU
		{8D22063D-88DE-4F7A-A917-C81AB4ACE601}.Release|Any CPU.Build.0 = Release|Any CPU
		{5BECBCEF-459F-424B-A15A-0558D291842A}.Debug|Any CPU.ActiveCfg = Debug|Any CPU
		{5BECBCEF-459F-424B-A15A-0558D291842A}.Debug|Any CPU.Build.0 = Debug|Any CPU
		{5BECBCEF-459F-424B-A15A-0558D291842A}.Release|Any CPU.ActiveCfg = Release|Any CPU
		{5BECBCEF-459F-424B-A15A-0558D291842A}.Release|Any CPU.Build.0 = Release|Any CPU
		{D43CC2C9-449A-4619-B5C6-CBC72BCA0512}.Debug|Any CPU.ActiveCfg = Debug|Any CPU
		{D43CC2C9-449A-4619-B5C6-CBC72BCA0512}.Debug|Any CPU.Build.0 = Debug|Any CPU
		{D43CC2C9-449A-4619-B5C6-CBC72BCA0512}.Release|Any CPU.ActiveCfg = Release|Any CPU
		{D43CC2C9-449A-4619-B5C6-CBC72BCA0512}.Release|Any CPU.Build.0 = Release|Any CPU
		{74ECE2F5-A7FB-4363-BDD3-EDAF13F845C8}.Debug|Any CPU.ActiveCfg = Debug|Any CPU
		{74ECE2F5-A7FB-4363-BDD3-EDAF13F845C8}.Debug|Any CPU.Build.0 = Debug|Any CPU
		{74ECE2F5-A7FB-4363-BDD3-EDAF13F845C8}.Release|Any CPU.ActiveCfg = Release|Any CPU
		{74ECE2F5-A7FB-4363-BDD3-EDAF13F845C8}.Release|Any CPU.Build.0 = Release|Any CPU
		{89E49906-6606-4126-AB3C-1605E17A1F68}.Debug|Any CPU.ActiveCfg = Debug|Any CPU
		{89E49906-6606-4126-AB3C-1605E17A1F68}.Debug|Any CPU.Build.0 = Debug|Any CPU
		{89E49906-6606-4126-AB3C-1605E17A1F68}.Release|Any CPU.ActiveCfg = Release|Any CPU
		{89E49906-6606-4126-AB3C-1605E17A1F68}.Release|Any CPU.Build.0 = Release|Any CPU
		{46EF4B32-327C-4AFF-B39D-8202580847DB}.Debug|Any CPU.ActiveCfg = Debug|Any CPU
		{46EF4B32-327C-4AFF-B39D-8202580847DB}.Debug|Any CPU.Build.0 = Debug|Any CPU
		{46EF4B32-327C-4AFF-B39D-8202580847DB}.Release|Any CPU.ActiveCfg = Release|Any CPU
		{46EF4B32-327C-4AFF-B39D-8202580847DB}.Release|Any CPU.Build.0 = Release|Any CPU
		{4AFAFAF8-06FB-48D4-AFA6-B32215584E96}.Debug|Any CPU.ActiveCfg = Debug|Any CPU
		{4AFAFAF8-06FB-48D4-AFA6-B32215584E96}.Debug|Any CPU.Build.0 = Debug|Any CPU
		{4AFAFAF8-06FB-48D4-AFA6-B32215584E96}.Release|Any CPU.ActiveCfg = Release|Any CPU
		{4AFAFAF8-06FB-48D4-AFA6-B32215584E96}.Release|Any CPU.Build.0 = Release|Any CPU
		{6F80DD0F-D91C-4A69-A20E-BB687036EFA8}.Debug|Any CPU.ActiveCfg = Debug|Any CPU
		{6F80DD0F-D91C-4A69-A20E-BB687036EFA8}.Debug|Any CPU.Build.0 = Debug|Any CPU
		{6F80DD0F-D91C-4A69-A20E-BB687036EFA8}.Release|Any CPU.ActiveCfg = Release|Any CPU
		{6F80DD0F-D91C-4A69-A20E-BB687036EFA8}.Release|Any CPU.Build.0 = Release|Any CPU
		{D9455AE7-2E0C-4647-9880-F5831BCEE3D8}.Debug|Any CPU.ActiveCfg = Debug|Any CPU
		{D9455AE7-2E0C-4647-9880-F5831BCEE3D8}.Debug|Any CPU.Build.0 = Debug|Any CPU
		{D9455AE7-2E0C-4647-9880-F5831BCEE3D8}.Release|Any CPU.ActiveCfg = Release|Any CPU
		{D9455AE7-2E0C-4647-9880-F5831BCEE3D8}.Release|Any CPU.Build.0 = Release|Any CPU
		{D1318094-7907-4826-B5F3-CFFC741F235F}.Debug|Any CPU.ActiveCfg = Debug|Any CPU
		{D1318094-7907-4826-B5F3-CFFC741F235F}.Debug|Any CPU.Build.0 = Debug|Any CPU
		{D1318094-7907-4826-B5F3-CFFC741F235F}.Release|Any CPU.ActiveCfg = Release|Any CPU
		{D1318094-7907-4826-B5F3-CFFC741F235F}.Release|Any CPU.Build.0 = Release|Any CPU
		{5AB7E368-1CC8-401D-9952-6CA6779305E7}.Debug|Any CPU.ActiveCfg = Debug|Any CPU
		{5AB7E368-1CC8-401D-9952-6CA6779305E7}.Debug|Any CPU.Build.0 = Debug|Any CPU
		{5AB7E368-1CC8-401D-9952-6CA6779305E7}.Release|Any CPU.ActiveCfg = Release|Any CPU
		{5AB7E368-1CC8-401D-9952-6CA6779305E7}.Release|Any CPU.Build.0 = Release|Any CPU
		{03F51721-DA51-4BAE-9909-3FC88FAB7774}.Debug|Any CPU.ActiveCfg = Debug|Any CPU
		{03F51721-DA51-4BAE-9909-3FC88FAB7774}.Debug|Any CPU.Build.0 = Debug|Any CPU
		{03F51721-DA51-4BAE-9909-3FC88FAB7774}.Release|Any CPU.ActiveCfg = Release|Any CPU
		{03F51721-DA51-4BAE-9909-3FC88FAB7774}.Release|Any CPU.Build.0 = Release|Any CPU
		{6EABA98D-0B71-4ED7-A939-AFDA106D1151}.Debug|Any CPU.ActiveCfg = Debug|Any CPU
		{6EABA98D-0B71-4ED7-A939-AFDA106D1151}.Debug|Any CPU.Build.0 = Debug|Any CPU
		{6EABA98D-0B71-4ED7-A939-AFDA106D1151}.Release|Any CPU.ActiveCfg = Release|Any CPU
		{6EABA98D-0B71-4ED7-A939-AFDA106D1151}.Release|Any CPU.Build.0 = Release|Any CPU
		{468C3DCB-8C00-40E7-AE51-0738EAAB312A}.Debug|Any CPU.ActiveCfg = Debug|Any CPU
		{468C3DCB-8C00-40E7-AE51-0738EAAB312A}.Debug|Any CPU.Build.0 = Debug|Any CPU
		{468C3DCB-8C00-40E7-AE51-0738EAAB312A}.Release|Any CPU.ActiveCfg = Release|Any CPU
		{468C3DCB-8C00-40E7-AE51-0738EAAB312A}.Release|Any CPU.Build.0 = Release|Any CPU
		{27C120C9-F618-4C1D-B959-8D0B048D0835}.Debug|Any CPU.ActiveCfg = Debug|Any CPU
		{27C120C9-F618-4C1D-B959-8D0B048D0835}.Debug|Any CPU.Build.0 = Debug|Any CPU
		{27C120C9-F618-4C1D-B959-8D0B048D0835}.Release|Any CPU.ActiveCfg = Release|Any CPU
		{27C120C9-F618-4C1D-B959-8D0B048D0835}.Release|Any CPU.Build.0 = Release|Any CPU
		{882E82F1-1A57-4BB9-B126-4CBF700C8F0C}.Debug|Any CPU.ActiveCfg = Debug|Any CPU
		{882E82F1-1A57-4BB9-B126-4CBF700C8F0C}.Debug|Any CPU.Build.0 = Debug|Any CPU
		{882E82F1-1A57-4BB9-B126-4CBF700C8F0C}.Release|Any CPU.ActiveCfg = Release|Any CPU
		{882E82F1-1A57-4BB9-B126-4CBF700C8F0C}.Release|Any CPU.Build.0 = Release|Any CPU
		{6C161F55-54B6-42A5-B177-3B0ED50323C1}.Debug|Any CPU.ActiveCfg = Debug|Any CPU
		{6C161F55-54B6-42A5-B177-3B0ED50323C1}.Debug|Any CPU.Build.0 = Debug|Any CPU
		{6C161F55-54B6-42A5-B177-3B0ED50323C1}.Release|Any CPU.ActiveCfg = Release|Any CPU
		{6C161F55-54B6-42A5-B177-3B0ED50323C1}.Release|Any CPU.Build.0 = Release|Any CPU
		{58CF8957-5045-4F81-884D-72DF48F721CC}.Debug|Any CPU.ActiveCfg = Debug|Any CPU
		{58CF8957-5045-4F81-884D-72DF48F721CC}.Debug|Any CPU.Build.0 = Debug|Any CPU
		{58CF8957-5045-4F81-884D-72DF48F721CC}.Release|Any CPU.ActiveCfg = Release|Any CPU
		{58CF8957-5045-4F81-884D-72DF48F721CC}.Release|Any CPU.Build.0 = Release|Any CPU
		{3B801003-BE74-49ED-9749-DA5E99F45EBF}.Debug|Any CPU.ActiveCfg = Debug|Any CPU
		{3B801003-BE74-49ED-9749-DA5E99F45EBF}.Debug|Any CPU.Build.0 = Debug|Any CPU
		{3B801003-BE74-49ED-9749-DA5E99F45EBF}.Release|Any CPU.ActiveCfg = Release|Any CPU
		{3B801003-BE74-49ED-9749-DA5E99F45EBF}.Release|Any CPU.Build.0 = Release|Any CPU
		{A0CFBDD6-A3CB-438C-83F1-5025F12E2D42}.Debug|Any CPU.ActiveCfg = Debug|Any CPU
		{A0CFBDD6-A3CB-438C-83F1-5025F12E2D42}.Debug|Any CPU.Build.0 = Debug|Any CPU
		{A0CFBDD6-A3CB-438C-83F1-5025F12E2D42}.Release|Any CPU.ActiveCfg = Release|Any CPU
		{A0CFBDD6-A3CB-438C-83F1-5025F12E2D42}.Release|Any CPU.Build.0 = Release|Any CPU
		{02B1FBE2-850E-4612-ABC6-DD62BCF2DD6B}.Debug|Any CPU.ActiveCfg = Debug|Any CPU
		{02B1FBE2-850E-4612-ABC6-DD62BCF2DD6B}.Debug|Any CPU.Build.0 = Debug|Any CPU
		{02B1FBE2-850E-4612-ABC6-DD62BCF2DD6B}.Release|Any CPU.ActiveCfg = Release|Any CPU
		{02B1FBE2-850E-4612-ABC6-DD62BCF2DD6B}.Release|Any CPU.Build.0 = Release|Any CPU
		{C44242F7-D55D-4867-AAF4-A786E404312E}.Debug|Any CPU.ActiveCfg = Debug|Any CPU
		{C44242F7-D55D-4867-AAF4-A786E404312E}.Debug|Any CPU.Build.0 = Debug|Any CPU
		{C44242F7-D55D-4867-AAF4-A786E404312E}.Release|Any CPU.ActiveCfg = Release|Any CPU
		{C44242F7-D55D-4867-AAF4-A786E404312E}.Release|Any CPU.Build.0 = Release|Any CPU
		{658D7EDE-A057-4256-96B6-083D3C2B9704}.Debug|Any CPU.ActiveCfg = Debug|Any CPU
		{658D7EDE-A057-4256-96B6-083D3C2B9704}.Debug|Any CPU.Build.0 = Debug|Any CPU
		{658D7EDE-A057-4256-96B6-083D3C2B9704}.Release|Any CPU.ActiveCfg = Release|Any CPU
		{658D7EDE-A057-4256-96B6-083D3C2B9704}.Release|Any CPU.Build.0 = Release|Any CPU
		{C1D891B0-AE83-42CB-987D-425A2787DE78}.Debug|Any CPU.ActiveCfg = Debug|Any CPU
		{C1D891B0-AE83-42CB-987D-425A2787DE78}.Debug|Any CPU.Build.0 = Debug|Any CPU
		{C1D891B0-AE83-42CB-987D-425A2787DE78}.Release|Any CPU.ActiveCfg = Release|Any CPU
		{C1D891B0-AE83-42CB-987D-425A2787DE78}.Release|Any CPU.Build.0 = Release|Any CPU
		{B9D1ADCB-D552-4626-A1F1-78FF72C1E822}.Debug|Any CPU.ActiveCfg = Debug|Any CPU
		{B9D1ADCB-D552-4626-A1F1-78FF72C1E822}.Debug|Any CPU.Build.0 = Debug|Any CPU
		{B9D1ADCB-D552-4626-A1F1-78FF72C1E822}.Release|Any CPU.ActiveCfg = Release|Any CPU
		{B9D1ADCB-D552-4626-A1F1-78FF72C1E822}.Release|Any CPU.Build.0 = Release|Any CPU
		{DD9519E0-5A68-48DC-A051-7BF2AC922F3E}.Debug|Any CPU.ActiveCfg = Debug|Any CPU
		{DD9519E0-5A68-48DC-A051-7BF2AC922F3E}.Debug|Any CPU.Build.0 = Debug|Any CPU
		{DD9519E0-5A68-48DC-A051-7BF2AC922F3E}.Release|Any CPU.ActiveCfg = Release|Any CPU
		{DD9519E0-5A68-48DC-A051-7BF2AC922F3E}.Release|Any CPU.Build.0 = Release|Any CPU
		{FB27F78E-F10E-4810-9B8E-BCD67DCFC8A2}.Debug|Any CPU.ActiveCfg = Debug|Any CPU
		{FB27F78E-F10E-4810-9B8E-BCD67DCFC8A2}.Debug|Any CPU.Build.0 = Debug|Any CPU
		{FB27F78E-F10E-4810-9B8E-BCD67DCFC8A2}.Release|Any CPU.ActiveCfg = Release|Any CPU
		{FB27F78E-F10E-4810-9B8E-BCD67DCFC8A2}.Release|Any CPU.Build.0 = Release|Any CPU
		{87B0C2A8-FE95-4779-8B9C-2181AA52B3FA}.Debug|Any CPU.ActiveCfg = Debug|Any CPU
		{87B0C2A8-FE95-4779-8B9C-2181AA52B3FA}.Debug|Any CPU.Build.0 = Debug|Any CPU
		{87B0C2A8-FE95-4779-8B9C-2181AA52B3FA}.Release|Any CPU.ActiveCfg = Release|Any CPU
		{87B0C2A8-FE95-4779-8B9C-2181AA52B3FA}.Release|Any CPU.Build.0 = Release|Any CPU
		{9DD41C8F-0886-483C-B98B-C55EAA7F226D}.Debug|Any CPU.ActiveCfg = Debug|Any CPU
		{9DD41C8F-0886-483C-B98B-C55EAA7F226D}.Debug|Any CPU.Build.0 = Debug|Any CPU
		{9DD41C8F-0886-483C-B98B-C55EAA7F226D}.Release|Any CPU.ActiveCfg = Release|Any CPU
		{9DD41C8F-0886-483C-B98B-C55EAA7F226D}.Release|Any CPU.Build.0 = Release|Any CPU
		{0AD06E14-CBFE-4551-8D18-9E921D8F2A87}.Debug|Any CPU.ActiveCfg = Debug|Any CPU
		{0AD06E14-CBFE-4551-8D18-9E921D8F2A87}.Debug|Any CPU.Build.0 = Debug|Any CPU
		{0AD06E14-CBFE-4551-8D18-9E921D8F2A87}.Release|Any CPU.ActiveCfg = Release|Any CPU
		{0AD06E14-CBFE-4551-8D18-9E921D8F2A87}.Release|Any CPU.Build.0 = Release|Any CPU
		{08531C5D-0436-4721-986D-96446CF54316}.Debug|Any CPU.ActiveCfg = Debug|Any CPU
		{08531C5D-0436-4721-986D-96446CF54316}.Debug|Any CPU.Build.0 = Debug|Any CPU
		{08531C5D-0436-4721-986D-96446CF54316}.Release|Any CPU.ActiveCfg = Release|Any CPU
		{08531C5D-0436-4721-986D-96446CF54316}.Release|Any CPU.Build.0 = Release|Any CPU
		{7B225D11-228A-4B3A-A32D-FB329ADF85E1}.Debug|Any CPU.ActiveCfg = Debug|Any CPU
		{7B225D11-228A-4B3A-A32D-FB329ADF85E1}.Debug|Any CPU.Build.0 = Debug|Any CPU
		{7B225D11-228A-4B3A-A32D-FB329ADF85E1}.Release|Any CPU.ActiveCfg = Release|Any CPU
		{7B225D11-228A-4B3A-A32D-FB329ADF85E1}.Release|Any CPU.Build.0 = Release|Any CPU
		{5F157B3A-78DC-45BA-8862-3DE86254EC5E}.Debug|Any CPU.ActiveCfg = Debug|Any CPU
		{5F157B3A-78DC-45BA-8862-3DE86254EC5E}.Debug|Any CPU.Build.0 = Debug|Any CPU
		{5F157B3A-78DC-45BA-8862-3DE86254EC5E}.Release|Any CPU.ActiveCfg = Release|Any CPU
		{5F157B3A-78DC-45BA-8862-3DE86254EC5E}.Release|Any CPU.Build.0 = Release|Any CPU
		{AD263790-2FC4-4A2E-892C-29FFEB81E0AA}.Debug|Any CPU.ActiveCfg = Debug|Any CPU
		{AD263790-2FC4-4A2E-892C-29FFEB81E0AA}.Debug|Any CPU.Build.0 = Debug|Any CPU
		{AD263790-2FC4-4A2E-892C-29FFEB81E0AA}.Release|Any CPU.ActiveCfg = Release|Any CPU
		{AD263790-2FC4-4A2E-892C-29FFEB81E0AA}.Release|Any CPU.Build.0 = Release|Any CPU
		{CCA1A3D6-D5A6-47FD-91F4-DB25AB91141B}.Debug|Any CPU.ActiveCfg = Debug|Any CPU
		{CCA1A3D6-D5A6-47FD-91F4-DB25AB91141B}.Debug|Any CPU.Build.0 = Debug|Any CPU
		{CCA1A3D6-D5A6-47FD-91F4-DB25AB91141B}.Release|Any CPU.ActiveCfg = Release|Any CPU
		{CCA1A3D6-D5A6-47FD-91F4-DB25AB91141B}.Release|Any CPU.Build.0 = Release|Any CPU
		{921A774C-0834-4FDB-A066-937778230C59}.Debug|Any CPU.ActiveCfg = Debug|Any CPU
		{921A774C-0834-4FDB-A066-937778230C59}.Debug|Any CPU.Build.0 = Debug|Any CPU
		{921A774C-0834-4FDB-A066-937778230C59}.Release|Any CPU.ActiveCfg = Release|Any CPU
		{921A774C-0834-4FDB-A066-937778230C59}.Release|Any CPU.Build.0 = Release|Any CPU
		{13E9E846-B1FB-48BB-B5DC-AB23E302FFD2}.Debug|Any CPU.ActiveCfg = Debug|Any CPU
		{13E9E846-B1FB-48BB-B5DC-AB23E302FFD2}.Debug|Any CPU.Build.0 = Debug|Any CPU
		{13E9E846-B1FB-48BB-B5DC-AB23E302FFD2}.Release|Any CPU.ActiveCfg = Release|Any CPU
		{13E9E846-B1FB-48BB-B5DC-AB23E302FFD2}.Release|Any CPU.Build.0 = Release|Any CPU
		{432292AD-4D3C-4B53-9201-B0C7FAD0AC2B}.Debug|Any CPU.ActiveCfg = Debug|Any CPU
		{432292AD-4D3C-4B53-9201-B0C7FAD0AC2B}.Debug|Any CPU.Build.0 = Debug|Any CPU
		{432292AD-4D3C-4B53-9201-B0C7FAD0AC2B}.Release|Any CPU.ActiveCfg = Release|Any CPU
		{432292AD-4D3C-4B53-9201-B0C7FAD0AC2B}.Release|Any CPU.Build.0 = Release|Any CPU
		{008BCDFB-FC03-43FD-812C-6368B5B42928}.Debug|Any CPU.ActiveCfg = Debug|Any CPU
		{008BCDFB-FC03-43FD-812C-6368B5B42928}.Debug|Any CPU.Build.0 = Debug|Any CPU
		{008BCDFB-FC03-43FD-812C-6368B5B42928}.Release|Any CPU.ActiveCfg = Release|Any CPU
		{008BCDFB-FC03-43FD-812C-6368B5B42928}.Release|Any CPU.Build.0 = Release|Any CPU
		{BE5F86D2-8437-46B6-860B-AA03000A4E52}.Debug|Any CPU.ActiveCfg = Debug|Any CPU
		{BE5F86D2-8437-46B6-860B-AA03000A4E52}.Debug|Any CPU.Build.0 = Debug|Any CPU
		{BE5F86D2-8437-46B6-860B-AA03000A4E52}.Release|Any CPU.ActiveCfg = Release|Any CPU
		{BE5F86D2-8437-46B6-860B-AA03000A4E52}.Release|Any CPU.Build.0 = Release|Any CPU
		{B6BFF354-EF80-4F84-8D01-BB49087E1D9B}.Debug|Any CPU.ActiveCfg = Debug|Any CPU
		{B6BFF354-EF80-4F84-8D01-BB49087E1D9B}.Debug|Any CPU.Build.0 = Debug|Any CPU
		{B6BFF354-EF80-4F84-8D01-BB49087E1D9B}.Release|Any CPU.ActiveCfg = Release|Any CPU
		{B6BFF354-EF80-4F84-8D01-BB49087E1D9B}.Release|Any CPU.Build.0 = Release|Any CPU
		{F622D07D-DF30-4C6B-B83A-E804716F6925}.Debug|Any CPU.ActiveCfg = Debug|Any CPU
		{F622D07D-DF30-4C6B-B83A-E804716F6925}.Debug|Any CPU.Build.0 = Debug|Any CPU
		{F622D07D-DF30-4C6B-B83A-E804716F6925}.Release|Any CPU.ActiveCfg = Release|Any CPU
		{F622D07D-DF30-4C6B-B83A-E804716F6925}.Release|Any CPU.Build.0 = Release|Any CPU
		{B7689AA5-442E-4C51-A4E5-1A0665763760}.Debug|Any CPU.ActiveCfg = Debug|Any CPU
		{B7689AA5-442E-4C51-A4E5-1A0665763760}.Debug|Any CPU.Build.0 = Debug|Any CPU
		{B7689AA5-442E-4C51-A4E5-1A0665763760}.Release|Any CPU.ActiveCfg = Release|Any CPU
		{B7689AA5-442E-4C51-A4E5-1A0665763760}.Release|Any CPU.Build.0 = Release|Any CPU
		{D921FA42-0A0A-4C5A-9936-67DD94CB925D}.Debug|Any CPU.ActiveCfg = Debug|Any CPU
		{D921FA42-0A0A-4C5A-9936-67DD94CB925D}.Debug|Any CPU.Build.0 = Debug|Any CPU
		{D921FA42-0A0A-4C5A-9936-67DD94CB925D}.Release|Any CPU.ActiveCfg = Release|Any CPU
		{D921FA42-0A0A-4C5A-9936-67DD94CB925D}.Release|Any CPU.Build.0 = Release|Any CPU
		{5837881B-E329-4749-BBAC-E2CB6FA401E4}.Debug|Any CPU.ActiveCfg = Debug|Any CPU
		{5837881B-E329-4749-BBAC-E2CB6FA401E4}.Debug|Any CPU.Build.0 = Debug|Any CPU
		{5837881B-E329-4749-BBAC-E2CB6FA401E4}.Release|Any CPU.ActiveCfg = Release|Any CPU
		{5837881B-E329-4749-BBAC-E2CB6FA401E4}.Release|Any CPU.Build.0 = Release|Any CPU
		{B2BBFF99-1B52-41B3-8E9E-85C813F6EFA8}.Debug|Any CPU.ActiveCfg = Debug|Any CPU
		{B2BBFF99-1B52-41B3-8E9E-85C813F6EFA8}.Debug|Any CPU.Build.0 = Debug|Any CPU
		{B2BBFF99-1B52-41B3-8E9E-85C813F6EFA8}.Release|Any CPU.ActiveCfg = Release|Any CPU
		{B2BBFF99-1B52-41B3-8E9E-85C813F6EFA8}.Release|Any CPU.Build.0 = Release|Any CPU
		{7CD3D8AD-6C3B-4966-909E-5E44783F5B9C}.Debug|Any CPU.ActiveCfg = Debug|Any CPU
		{7CD3D8AD-6C3B-4966-909E-5E44783F5B9C}.Debug|Any CPU.Build.0 = Debug|Any CPU
		{7CD3D8AD-6C3B-4966-909E-5E44783F5B9C}.Release|Any CPU.ActiveCfg = Release|Any CPU
		{7CD3D8AD-6C3B-4966-909E-5E44783F5B9C}.Release|Any CPU.Build.0 = Release|Any CPU
		{EF94806F-F115-4300-B2FB-4E140B9D6D47}.Debug|Any CPU.ActiveCfg = Debug|Any CPU
		{EF94806F-F115-4300-B2FB-4E140B9D6D47}.Debug|Any CPU.Build.0 = Debug|Any CPU
		{EF94806F-F115-4300-B2FB-4E140B9D6D47}.Release|Any CPU.ActiveCfg = Release|Any CPU
		{EF94806F-F115-4300-B2FB-4E140B9D6D47}.Release|Any CPU.Build.0 = Release|Any CPU
		{D78558DB-E8CA-477B-AFDB-6B68B341C697}.Debug|Any CPU.ActiveCfg = Debug|Any CPU
		{D78558DB-E8CA-477B-AFDB-6B68B341C697}.Debug|Any CPU.Build.0 = Debug|Any CPU
		{D78558DB-E8CA-477B-AFDB-6B68B341C697}.Release|Any CPU.ActiveCfg = Release|Any CPU
		{D78558DB-E8CA-477B-AFDB-6B68B341C697}.Release|Any CPU.Build.0 = Release|Any CPU
		{018102F6-C188-4261-B529-77A284A78D3A}.Debug|Any CPU.ActiveCfg = Debug|Any CPU
		{018102F6-C188-4261-B529-77A284A78D3A}.Debug|Any CPU.Build.0 = Debug|Any CPU
		{018102F6-C188-4261-B529-77A284A78D3A}.Release|Any CPU.ActiveCfg = Release|Any CPU
		{018102F6-C188-4261-B529-77A284A78D3A}.Release|Any CPU.Build.0 = Release|Any CPU
		{4731C1D4-5E09-4178-BD3A-F095B777F44E}.Debug|Any CPU.ActiveCfg = Debug|Any CPU
		{4731C1D4-5E09-4178-BD3A-F095B777F44E}.Debug|Any CPU.Build.0 = Debug|Any CPU
		{4731C1D4-5E09-4178-BD3A-F095B777F44E}.Release|Any CPU.ActiveCfg = Release|Any CPU
		{4731C1D4-5E09-4178-BD3A-F095B777F44E}.Release|Any CPU.Build.0 = Release|Any CPU
		{DDB3F38E-D6D8-4103-BAD3-CA1E03A62C6E}.Debug|Any CPU.ActiveCfg = Debug|Any CPU
		{DDB3F38E-D6D8-4103-BAD3-CA1E03A62C6E}.Debug|Any CPU.Build.0 = Debug|Any CPU
		{DDB3F38E-D6D8-4103-BAD3-CA1E03A62C6E}.Release|Any CPU.ActiveCfg = Release|Any CPU
		{DDB3F38E-D6D8-4103-BAD3-CA1E03A62C6E}.Release|Any CPU.Build.0 = Release|Any CPU
		{43EDD5B9-D947-4B09-96D0-81E3D15E5B18}.Debug|Any CPU.ActiveCfg = Debug|Any CPU
		{43EDD5B9-D947-4B09-96D0-81E3D15E5B18}.Debug|Any CPU.Build.0 = Debug|Any CPU
		{43EDD5B9-D947-4B09-96D0-81E3D15E5B18}.Release|Any CPU.ActiveCfg = Release|Any CPU
		{43EDD5B9-D947-4B09-96D0-81E3D15E5B18}.Release|Any CPU.Build.0 = Release|Any CPU
		{6010E03F-5A33-460B-9550-639E76EB77D5}.Debug|Any CPU.ActiveCfg = Debug|Any CPU
		{6010E03F-5A33-460B-9550-639E76EB77D5}.Debug|Any CPU.Build.0 = Debug|Any CPU
		{6010E03F-5A33-460B-9550-639E76EB77D5}.Release|Any CPU.ActiveCfg = Release|Any CPU
		{6010E03F-5A33-460B-9550-639E76EB77D5}.Release|Any CPU.Build.0 = Release|Any CPU
		{4E622733-558E-4313-982E-FFC03FBFCBFB}.Debug|Any CPU.ActiveCfg = Debug|Any CPU
		{4E622733-558E-4313-982E-FFC03FBFCBFB}.Debug|Any CPU.Build.0 = Debug|Any CPU
		{4E622733-558E-4313-982E-FFC03FBFCBFB}.Release|Any CPU.ActiveCfg = Release|Any CPU
		{4E622733-558E-4313-982E-FFC03FBFCBFB}.Release|Any CPU.Build.0 = Release|Any CPU
		{A314324C-8A19-440D-BE31-51E5CE33D2F8}.Debug|Any CPU.ActiveCfg = Debug|Any CPU
		{A314324C-8A19-440D-BE31-51E5CE33D2F8}.Debug|Any CPU.Build.0 = Debug|Any CPU
		{A314324C-8A19-440D-BE31-51E5CE33D2F8}.Release|Any CPU.ActiveCfg = Release|Any CPU
		{A314324C-8A19-440D-BE31-51E5CE33D2F8}.Release|Any CPU.Build.0 = Release|Any CPU
		{5703AA28-E9D2-4A3C-8826-D8D53984249A}.Debug|Any CPU.ActiveCfg = Debug|Any CPU
		{5703AA28-E9D2-4A3C-8826-D8D53984249A}.Debug|Any CPU.Build.0 = Debug|Any CPU
		{5703AA28-E9D2-4A3C-8826-D8D53984249A}.Release|Any CPU.ActiveCfg = Release|Any CPU
		{5703AA28-E9D2-4A3C-8826-D8D53984249A}.Release|Any CPU.Build.0 = Release|Any CPU
		{121F9694-EAAF-49B7-8344-85B97DF0F7A6}.Debug|Any CPU.ActiveCfg = Debug|Any CPU
		{121F9694-EAAF-49B7-8344-85B97DF0F7A6}.Debug|Any CPU.Build.0 = Debug|Any CPU
		{121F9694-EAAF-49B7-8344-85B97DF0F7A6}.Release|Any CPU.ActiveCfg = Release|Any CPU
		{121F9694-EAAF-49B7-8344-85B97DF0F7A6}.Release|Any CPU.Build.0 = Release|Any CPU
		{3339C119-0C55-4F48-90AD-E9F29EF88F4F}.Debug|Any CPU.ActiveCfg = Debug|Any CPU
		{3339C119-0C55-4F48-90AD-E9F29EF88F4F}.Debug|Any CPU.Build.0 = Debug|Any CPU
		{3339C119-0C55-4F48-90AD-E9F29EF88F4F}.Release|Any CPU.ActiveCfg = Release|Any CPU
		{3339C119-0C55-4F48-90AD-E9F29EF88F4F}.Release|Any CPU.Build.0 = Release|Any CPU
		{96AFCCB9-B75A-49B7-A0E9-37DD351AF493}.Debug|Any CPU.ActiveCfg = Debug|Any CPU
		{96AFCCB9-B75A-49B7-A0E9-37DD351AF493}.Debug|Any CPU.Build.0 = Debug|Any CPU
		{96AFCCB9-B75A-49B7-A0E9-37DD351AF493}.Release|Any CPU.ActiveCfg = Release|Any CPU
		{96AFCCB9-B75A-49B7-A0E9-37DD351AF493}.Release|Any CPU.Build.0 = Release|Any CPU
		{87EA548F-28F7-42A1-96C5-72AD21818B24}.Debug|Any CPU.ActiveCfg = Debug|Any CPU
		{87EA548F-28F7-42A1-96C5-72AD21818B24}.Debug|Any CPU.Build.0 = Debug|Any CPU
		{87EA548F-28F7-42A1-96C5-72AD21818B24}.Release|Any CPU.ActiveCfg = Release|Any CPU
		{87EA548F-28F7-42A1-96C5-72AD21818B24}.Release|Any CPU.Build.0 = Release|Any CPU
		{E79E99D9-E847-43F6-AA7C-21C87477758D}.Debug|Any CPU.ActiveCfg = Debug|Any CPU
		{E79E99D9-E847-43F6-AA7C-21C87477758D}.Debug|Any CPU.Build.0 = Debug|Any CPU
		{E79E99D9-E847-43F6-AA7C-21C87477758D}.Release|Any CPU.ActiveCfg = Release|Any CPU
		{E79E99D9-E847-43F6-AA7C-21C87477758D}.Release|Any CPU.Build.0 = Release|Any CPU
		{FF7820D3-A8C9-4D81-A027-38884621F39D}.Debug|Any CPU.ActiveCfg = Debug|Any CPU
		{FF7820D3-A8C9-4D81-A027-38884621F39D}.Debug|Any CPU.Build.0 = Debug|Any CPU
		{FF7820D3-A8C9-4D81-A027-38884621F39D}.Release|Any CPU.ActiveCfg = Release|Any CPU
		{FF7820D3-A8C9-4D81-A027-38884621F39D}.Release|Any CPU.Build.0 = Release|Any CPU
		{1FF279B4-929E-4C33-A6CD-FE5B5C91C858}.Debug|Any CPU.ActiveCfg = Debug|Any CPU
		{1FF279B4-929E-4C33-A6CD-FE5B5C91C858}.Debug|Any CPU.Build.0 = Debug|Any CPU
		{1FF279B4-929E-4C33-A6CD-FE5B5C91C858}.Release|Any CPU.ActiveCfg = Release|Any CPU
		{1FF279B4-929E-4C33-A6CD-FE5B5C91C858}.Release|Any CPU.Build.0 = Release|Any CPU
		{6F420ECA-0BFC-4FAF-8E49-B007D5256B14}.Debug|Any CPU.ActiveCfg = Debug|Any CPU
		{6F420ECA-0BFC-4FAF-8E49-B007D5256B14}.Debug|Any CPU.Build.0 = Debug|Any CPU
		{6F420ECA-0BFC-4FAF-8E49-B007D5256B14}.Release|Any CPU.ActiveCfg = Release|Any CPU
		{6F420ECA-0BFC-4FAF-8E49-B007D5256B14}.Release|Any CPU.Build.0 = Release|Any CPU
		{C2C65977-1214-4847-AD69-E1E40FCD1B2E}.Debug|Any CPU.ActiveCfg = Debug|Any CPU
		{C2C65977-1214-4847-AD69-E1E40FCD1B2E}.Debug|Any CPU.Build.0 = Debug|Any CPU
		{C2C65977-1214-4847-AD69-E1E40FCD1B2E}.Release|Any CPU.ActiveCfg = Release|Any CPU
		{C2C65977-1214-4847-AD69-E1E40FCD1B2E}.Release|Any CPU.Build.0 = Release|Any CPU
		{758A2407-47B1-4393-B51A-89F5A2785343}.Debug|Any CPU.ActiveCfg = Debug|Any CPU
		{758A2407-47B1-4393-B51A-89F5A2785343}.Debug|Any CPU.Build.0 = Debug|Any CPU
		{758A2407-47B1-4393-B51A-89F5A2785343}.Release|Any CPU.ActiveCfg = Release|Any CPU
		{758A2407-47B1-4393-B51A-89F5A2785343}.Release|Any CPU.Build.0 = Release|Any CPU
		{E67309F8-6F34-42BE-B284-F13D8472BEBE}.Debug|Any CPU.ActiveCfg = Debug|Any CPU
		{E67309F8-6F34-42BE-B284-F13D8472BEBE}.Debug|Any CPU.Build.0 = Debug|Any CPU
		{E67309F8-6F34-42BE-B284-F13D8472BEBE}.Release|Any CPU.ActiveCfg = Release|Any CPU
		{E67309F8-6F34-42BE-B284-F13D8472BEBE}.Release|Any CPU.Build.0 = Release|Any CPU
		{668725F6-C0A8-4098-A425-5FC0901D1FDE}.Debug|Any CPU.ActiveCfg = Debug|Any CPU
		{668725F6-C0A8-4098-A425-5FC0901D1FDE}.Debug|Any CPU.Build.0 = Debug|Any CPU
		{668725F6-C0A8-4098-A425-5FC0901D1FDE}.Release|Any CPU.ActiveCfg = Release|Any CPU
		{668725F6-C0A8-4098-A425-5FC0901D1FDE}.Release|Any CPU.Build.0 = Release|Any CPU
		{14450D3F-5235-4255-9842-E591918F236D}.Debug|Any CPU.ActiveCfg = Debug|Any CPU
		{14450D3F-5235-4255-9842-E591918F236D}.Debug|Any CPU.Build.0 = Debug|Any CPU
		{14450D3F-5235-4255-9842-E591918F236D}.Release|Any CPU.ActiveCfg = Release|Any CPU
		{14450D3F-5235-4255-9842-E591918F236D}.Release|Any CPU.Build.0 = Release|Any CPU
		{F0BCD917-4495-49AB-988E-074B35318858}.Debug|Any CPU.ActiveCfg = Debug|Any CPU
		{F0BCD917-4495-49AB-988E-074B35318858}.Debug|Any CPU.Build.0 = Debug|Any CPU
		{F0BCD917-4495-49AB-988E-074B35318858}.Release|Any CPU.ActiveCfg = Release|Any CPU
		{F0BCD917-4495-49AB-988E-074B35318858}.Release|Any CPU.Build.0 = Release|Any CPU
		{84B0B875-BC8C-498B-83F9-6168CFAAC173}.Debug|Any CPU.ActiveCfg = Debug|Any CPU
		{84B0B875-BC8C-498B-83F9-6168CFAAC173}.Debug|Any CPU.Build.0 = Debug|Any CPU
		{84B0B875-BC8C-498B-83F9-6168CFAAC173}.Release|Any CPU.ActiveCfg = Release|Any CPU
		{84B0B875-BC8C-498B-83F9-6168CFAAC173}.Release|Any CPU.Build.0 = Release|Any CPU
		{C89FD4F2-6DF7-46BC-AEF1-5C2AE2FE31E6}.Debug|Any CPU.ActiveCfg = Debug|Any CPU
		{C89FD4F2-6DF7-46BC-AEF1-5C2AE2FE31E6}.Debug|Any CPU.Build.0 = Debug|Any CPU
		{C89FD4F2-6DF7-46BC-AEF1-5C2AE2FE31E6}.Release|Any CPU.ActiveCfg = Release|Any CPU
		{C89FD4F2-6DF7-46BC-AEF1-5C2AE2FE31E6}.Release|Any CPU.Build.0 = Release|Any CPU
		{47F216F9-81A8-44B0-A832-29B377BFE7CC}.Debug|Any CPU.ActiveCfg = Debug|Any CPU
		{47F216F9-81A8-44B0-A832-29B377BFE7CC}.Debug|Any CPU.Build.0 = Debug|Any CPU
		{47F216F9-81A8-44B0-A832-29B377BFE7CC}.Release|Any CPU.ActiveCfg = Release|Any CPU
		{47F216F9-81A8-44B0-A832-29B377BFE7CC}.Release|Any CPU.Build.0 = Release|Any CPU
		{7B92DB89-496A-412F-AAB3-1996B8333A8A}.Debug|Any CPU.ActiveCfg = Debug|Any CPU
		{7B92DB89-496A-412F-AAB3-1996B8333A8A}.Debug|Any CPU.Build.0 = Debug|Any CPU
		{7B92DB89-496A-412F-AAB3-1996B8333A8A}.Release|Any CPU.ActiveCfg = Release|Any CPU
		{7B92DB89-496A-412F-AAB3-1996B8333A8A}.Release|Any CPU.Build.0 = Release|Any CPU
		{B0980E2E-5161-4D4B-A742-9DC93C04B5FE}.Debug|Any CPU.ActiveCfg = Debug|Any CPU
		{B0980E2E-5161-4D4B-A742-9DC93C04B5FE}.Debug|Any CPU.Build.0 = Debug|Any CPU
		{B0980E2E-5161-4D4B-A742-9DC93C04B5FE}.Release|Any CPU.ActiveCfg = Release|Any CPU
		{B0980E2E-5161-4D4B-A742-9DC93C04B5FE}.Release|Any CPU.Build.0 = Release|Any CPU
		{EF889A7F-1EDF-4BEE-ACDB-73306B49795A}.Debug|Any CPU.ActiveCfg = Debug|Any CPU
		{EF889A7F-1EDF-4BEE-ACDB-73306B49795A}.Debug|Any CPU.Build.0 = Debug|Any CPU
		{EF889A7F-1EDF-4BEE-ACDB-73306B49795A}.Release|Any CPU.ActiveCfg = Release|Any CPU
		{EF889A7F-1EDF-4BEE-ACDB-73306B49795A}.Release|Any CPU.Build.0 = Release|Any CPU
		{4FCD38DD-8B2E-44BE-A2C4-BD700000D6BE}.Debug|Any CPU.ActiveCfg = Debug|Any CPU
		{4FCD38DD-8B2E-44BE-A2C4-BD700000D6BE}.Debug|Any CPU.Build.0 = Debug|Any CPU
		{4FCD38DD-8B2E-44BE-A2C4-BD700000D6BE}.Release|Any CPU.ActiveCfg = Release|Any CPU
		{4FCD38DD-8B2E-44BE-A2C4-BD700000D6BE}.Release|Any CPU.Build.0 = Release|Any CPU
		{8C99842E-7AE7-4B8A-956E-22B3CA2B719D}.Debug|Any CPU.ActiveCfg = Debug|Any CPU
		{8C99842E-7AE7-4B8A-956E-22B3CA2B719D}.Debug|Any CPU.Build.0 = Debug|Any CPU
		{8C99842E-7AE7-4B8A-956E-22B3CA2B719D}.Release|Any CPU.ActiveCfg = Release|Any CPU
		{8C99842E-7AE7-4B8A-956E-22B3CA2B719D}.Release|Any CPU.Build.0 = Release|Any CPU
		{5E18946B-1FA1-4EE2-BD5F-650603809690}.Debug|Any CPU.ActiveCfg = Debug|Any CPU
		{5E18946B-1FA1-4EE2-BD5F-650603809690}.Debug|Any CPU.Build.0 = Debug|Any CPU
		{5E18946B-1FA1-4EE2-BD5F-650603809690}.Release|Any CPU.ActiveCfg = Release|Any CPU
		{5E18946B-1FA1-4EE2-BD5F-650603809690}.Release|Any CPU.Build.0 = Release|Any CPU
		{0558ED0A-362B-4D31-9CDA-64EE380EBBDD}.Debug|Any CPU.ActiveCfg = Debug|Any CPU
		{0558ED0A-362B-4D31-9CDA-64EE380EBBDD}.Debug|Any CPU.Build.0 = Debug|Any CPU
		{0558ED0A-362B-4D31-9CDA-64EE380EBBDD}.Release|Any CPU.ActiveCfg = Release|Any CPU
		{0558ED0A-362B-4D31-9CDA-64EE380EBBDD}.Release|Any CPU.Build.0 = Release|Any CPU
		{7E1F1756-7DD4-4671-A92A-E6BB206BE098}.Debug|Any CPU.ActiveCfg = Debug|Any CPU
		{7E1F1756-7DD4-4671-A92A-E6BB206BE098}.Debug|Any CPU.Build.0 = Debug|Any CPU
		{7E1F1756-7DD4-4671-A92A-E6BB206BE098}.Release|Any CPU.ActiveCfg = Release|Any CPU
		{7E1F1756-7DD4-4671-A92A-E6BB206BE098}.Release|Any CPU.Build.0 = Release|Any CPU
		{F01ACEF5-92DE-466B-A8EF-3C2DC4221C60}.Debug|Any CPU.ActiveCfg = Debug|Any CPU
		{F01ACEF5-92DE-466B-A8EF-3C2DC4221C60}.Debug|Any CPU.Build.0 = Debug|Any CPU
		{F01ACEF5-92DE-466B-A8EF-3C2DC4221C60}.Release|Any CPU.ActiveCfg = Release|Any CPU
		{F01ACEF5-92DE-466B-A8EF-3C2DC4221C60}.Release|Any CPU.Build.0 = Release|Any CPU
		{1E105B8C-5189-46C9-96E4-720ACD8CBAFC}.Debug|Any CPU.ActiveCfg = Debug|Any CPU
		{1E105B8C-5189-46C9-96E4-720ACD8CBAFC}.Debug|Any CPU.Build.0 = Debug|Any CPU
		{1E105B8C-5189-46C9-96E4-720ACD8CBAFC}.Release|Any CPU.ActiveCfg = Release|Any CPU
		{1E105B8C-5189-46C9-96E4-720ACD8CBAFC}.Release|Any CPU.Build.0 = Release|Any CPU
		{CAAAC5A5-B521-4830-B409-EE34167A53AB}.Debug|Any CPU.ActiveCfg = Debug|Any CPU
		{CAAAC5A5-B521-4830-B409-EE34167A53AB}.Debug|Any CPU.Build.0 = Debug|Any CPU
		{CAAAC5A5-B521-4830-B409-EE34167A53AB}.Release|Any CPU.ActiveCfg = Release|Any CPU
		{CAAAC5A5-B521-4830-B409-EE34167A53AB}.Release|Any CPU.Build.0 = Release|Any CPU
		{242AB87D-E57E-4913-8E4F-32FC86000F54}.Debug|Any CPU.ActiveCfg = Debug|Any CPU
		{242AB87D-E57E-4913-8E4F-32FC86000F54}.Debug|Any CPU.Build.0 = Debug|Any CPU
		{242AB87D-E57E-4913-8E4F-32FC86000F54}.Release|Any CPU.ActiveCfg = Release|Any CPU
		{242AB87D-E57E-4913-8E4F-32FC86000F54}.Release|Any CPU.Build.0 = Release|Any CPU
		{8E61CE22-9DCF-4EFF-8189-E6A2C496233F}.Debug|Any CPU.ActiveCfg = Debug|Any CPU
		{8E61CE22-9DCF-4EFF-8189-E6A2C496233F}.Debug|Any CPU.Build.0 = Debug|Any CPU
		{8E61CE22-9DCF-4EFF-8189-E6A2C496233F}.Release|Any CPU.ActiveCfg = Release|Any CPU
		{8E61CE22-9DCF-4EFF-8189-E6A2C496233F}.Release|Any CPU.Build.0 = Release|Any CPU
		{CD393397-1765-4F9F-A060-57C812A4C3D2}.Debug|Any CPU.ActiveCfg = Debug|Any CPU
		{CD393397-1765-4F9F-A060-57C812A4C3D2}.Debug|Any CPU.Build.0 = Debug|Any CPU
		{CD393397-1765-4F9F-A060-57C812A4C3D2}.Release|Any CPU.ActiveCfg = Release|Any CPU
		{CD393397-1765-4F9F-A060-57C812A4C3D2}.Release|Any CPU.Build.0 = Release|Any CPU
		{899FEFB7-37AA-48D1-8DDD-A1ABE437DC19}.Debug|Any CPU.ActiveCfg = Debug|Any CPU
		{899FEFB7-37AA-48D1-8DDD-A1ABE437DC19}.Debug|Any CPU.Build.0 = Debug|Any CPU
		{899FEFB7-37AA-48D1-8DDD-A1ABE437DC19}.Release|Any CPU.ActiveCfg = Release|Any CPU
		{899FEFB7-37AA-48D1-8DDD-A1ABE437DC19}.Release|Any CPU.Build.0 = Release|Any CPU
		{FACB6536-D4C7-48A6-B046-8715F4FA99CA}.Debug|Any CPU.ActiveCfg = Debug|Any CPU
		{FACB6536-D4C7-48A6-B046-8715F4FA99CA}.Debug|Any CPU.Build.0 = Debug|Any CPU
		{FACB6536-D4C7-48A6-B046-8715F4FA99CA}.Release|Any CPU.ActiveCfg = Release|Any CPU
		{FACB6536-D4C7-48A6-B046-8715F4FA99CA}.Release|Any CPU.Build.0 = Release|Any CPU
		{5C7CDC26-EB1C-497A-96EF-BA3A19CB63B7}.Debug|Any CPU.ActiveCfg = Debug|Any CPU
		{5C7CDC26-EB1C-497A-96EF-BA3A19CB63B7}.Debug|Any CPU.Build.0 = Debug|Any CPU
		{5C7CDC26-EB1C-497A-96EF-BA3A19CB63B7}.Release|Any CPU.ActiveCfg = Release|Any CPU
		{5C7CDC26-EB1C-497A-96EF-BA3A19CB63B7}.Release|Any CPU.Build.0 = Release|Any CPU
	EndGlobalSection
	GlobalSection(SolutionProperties) = preSolution
		HideSolutionNode = FALSE
	EndGlobalSection
	GlobalSection(NestedProjects) = preSolution
		{02BE03BA-3411-448C-AB61-CB36407CC49A} = {5DF0E140-0513-4D0D-BE2E-3D4D85CD70E6}
		{A1AE63E9-0CF4-4AFB-A584-65D826DEA3CB} = {5DF0E140-0513-4D0D-BE2E-3D4D85CD70E6}
		{3FB342CA-23B6-4795-91EF-C664527C07B7} = {5DF0E140-0513-4D0D-BE2E-3D4D85CD70E6}
		{B31FFAE3-5DAC-4E51-BD17-F7446B741A36} = {5DF0E140-0513-4D0D-BE2E-3D4D85CD70E6}
		{BF9AB22C-F48D-4DDE-A894-BC28EB37166B} = {5DF0E140-0513-4D0D-BE2E-3D4D85CD70E6}
		{D2F3594F-E2B9-4338-A022-F00C4E9A14C3} = {5DF0E140-0513-4D0D-BE2E-3D4D85CD70E6}
		{D5E2FB37-0194-480A-B952-5FFECC1200EB} = {5DF0E140-0513-4D0D-BE2E-3D4D85CD70E6}
		{6E6A7554-3488-45AB-BC0E-9BDE1F19789D} = {5DF0E140-0513-4D0D-BE2E-3D4D85CD70E6}
		{A7A97BFD-48FA-45D1-8423-031BA30BEAA1} = {5DF0E140-0513-4D0D-BE2E-3D4D85CD70E6}
		{166E89F7-A505-45F2-B4CD-F345DE39030E} = {5DF0E140-0513-4D0D-BE2E-3D4D85CD70E6}
		{5E7381EE-54BC-4BFD-883A-8C6578C2CAD7} = {5DF0E140-0513-4D0D-BE2E-3D4D85CD70E6}
		{10EB789E-C993-4BE8-BA43-C419936C7233} = {5DF0E140-0513-4D0D-BE2E-3D4D85CD70E6}
		{8D22063D-88DE-4F7A-A917-C81AB4ACE601} = {5DF0E140-0513-4D0D-BE2E-3D4D85CD70E6}
		{5BECBCEF-459F-424B-A15A-0558D291842A} = {5DF0E140-0513-4D0D-BE2E-3D4D85CD70E6}
		{D43CC2C9-449A-4619-B5C6-CBC72BCA0512} = {5DF0E140-0513-4D0D-BE2E-3D4D85CD70E6}
		{74ECE2F5-A7FB-4363-BDD3-EDAF13F845C8} = {5DF0E140-0513-4D0D-BE2E-3D4D85CD70E6}
		{89E49906-6606-4126-AB3C-1605E17A1F68} = {5DF0E140-0513-4D0D-BE2E-3D4D85CD70E6}
		{46EF4B32-327C-4AFF-B39D-8202580847DB} = {5DF0E140-0513-4D0D-BE2E-3D4D85CD70E6}
		{4AFAFAF8-06FB-48D4-AFA6-B32215584E96} = {5DF0E140-0513-4D0D-BE2E-3D4D85CD70E6}
		{6F80DD0F-D91C-4A69-A20E-BB687036EFA8} = {5DF0E140-0513-4D0D-BE2E-3D4D85CD70E6}
		{D9455AE7-2E0C-4647-9880-F5831BCEE3D8} = {5DF0E140-0513-4D0D-BE2E-3D4D85CD70E6}
		{D1318094-7907-4826-B5F3-CFFC741F235F} = {5DF0E140-0513-4D0D-BE2E-3D4D85CD70E6}
		{5AB7E368-1CC8-401D-9952-6CA6779305E7} = {5DF0E140-0513-4D0D-BE2E-3D4D85CD70E6}
		{03F51721-DA51-4BAE-9909-3FC88FAB7774} = {5DF0E140-0513-4D0D-BE2E-3D4D85CD70E6}
		{6EABA98D-0B71-4ED7-A939-AFDA106D1151} = {5DF0E140-0513-4D0D-BE2E-3D4D85CD70E6}
		{468C3DCB-8C00-40E7-AE51-0738EAAB312A} = {5DF0E140-0513-4D0D-BE2E-3D4D85CD70E6}
		{27C120C9-F618-4C1D-B959-8D0B048D0835} = {5DF0E140-0513-4D0D-BE2E-3D4D85CD70E6}
		{882E82F1-1A57-4BB9-B126-4CBF700C8F0C} = {5DF0E140-0513-4D0D-BE2E-3D4D85CD70E6}
		{58CF8957-5045-4F81-884D-72DF48F721CC} = {5DF0E140-0513-4D0D-BE2E-3D4D85CD70E6}
		{3B801003-BE74-49ED-9749-DA5E99F45EBF} = {5DF0E140-0513-4D0D-BE2E-3D4D85CD70E6}
		{A0CFBDD6-A3CB-438C-83F1-5025F12E2D42} = {5DF0E140-0513-4D0D-BE2E-3D4D85CD70E6}
		{02B1FBE2-850E-4612-ABC6-DD62BCF2DD6B} = {5DF0E140-0513-4D0D-BE2E-3D4D85CD70E6}
		{C44242F7-D55D-4867-AAF4-A786E404312E} = {5DF0E140-0513-4D0D-BE2E-3D4D85CD70E6}
		{658D7EDE-A057-4256-96B6-083D3C2B9704} = {5DF0E140-0513-4D0D-BE2E-3D4D85CD70E6}
		{C1D891B0-AE83-42CB-987D-425A2787DE78} = {5DF0E140-0513-4D0D-BE2E-3D4D85CD70E6}
		{B9D1ADCB-D552-4626-A1F1-78FF72C1E822} = {5DF0E140-0513-4D0D-BE2E-3D4D85CD70E6}
		{DD9519E0-5A68-48DC-A051-7BF2AC922F3E} = {5DF0E140-0513-4D0D-BE2E-3D4D85CD70E6}
		{FB27F78E-F10E-4810-9B8E-BCD67DCFC8A2} = {5DF0E140-0513-4D0D-BE2E-3D4D85CD70E6}
		{87B0C2A8-FE95-4779-8B9C-2181AA52B3FA} = {5DF0E140-0513-4D0D-BE2E-3D4D85CD70E6}
		{9DD41C8F-0886-483C-B98B-C55EAA7F226D} = {5DF0E140-0513-4D0D-BE2E-3D4D85CD70E6}
		{0AD06E14-CBFE-4551-8D18-9E921D8F2A87} = {5DF0E140-0513-4D0D-BE2E-3D4D85CD70E6}
		{08531C5D-0436-4721-986D-96446CF54316} = {5DF0E140-0513-4D0D-BE2E-3D4D85CD70E6}
		{6C161F55-54B6-42A5-B177-3B0ED50323C1} = {5DF0E140-0513-4D0D-BE2E-3D4D85CD70E6}
		{7B225D11-228A-4B3A-A32D-FB329ADF85E1} = {5DF0E140-0513-4D0D-BE2E-3D4D85CD70E6}
		{5F157B3A-78DC-45BA-8862-3DE86254EC5E} = {5DF0E140-0513-4D0D-BE2E-3D4D85CD70E6}
		{AD263790-2FC4-4A2E-892C-29FFEB81E0AA} = {5DF0E140-0513-4D0D-BE2E-3D4D85CD70E6}
		{CCA1A3D6-D5A6-47FD-91F4-DB25AB91141B} = {447C8A77-E5F0-4538-8687-7383196D04EA}
		{921A774C-0834-4FDB-A066-937778230C59} = {447C8A77-E5F0-4538-8687-7383196D04EA}
		{12DF0A7A-3688-4F0D-837B-6AF3CA39DBC8} = {447C8A77-E5F0-4538-8687-7383196D04EA}
		{13E9E846-B1FB-48BB-B5DC-AB23E302FFD2} = {12DF0A7A-3688-4F0D-837B-6AF3CA39DBC8}
		{432292AD-4D3C-4B53-9201-B0C7FAD0AC2B} = {12DF0A7A-3688-4F0D-837B-6AF3CA39DBC8}
		{BE5F86D2-8437-46B6-860B-AA03000A4E52} = {12DF0A7A-3688-4F0D-837B-6AF3CA39DBC8}
		{008BCDFB-FC03-43FD-812C-6368B5B42928} = {12DF0A7A-3688-4F0D-837B-6AF3CA39DBC8}
		{5F372FCA-1389-492D-8A11-6E1311A4FAAE} = {447C8A77-E5F0-4538-8687-7383196D04EA}
		{B6BFF354-EF80-4F84-8D01-BB49087E1D9B} = {5F372FCA-1389-492D-8A11-6E1311A4FAAE}
		{F622D07D-DF30-4C6B-B83A-E804716F6925} = {5F372FCA-1389-492D-8A11-6E1311A4FAAE}
		{F37AB0D0-A8E8-45B8-B699-E417282F1680} = {A523AC16-0F58-446A-A1E5-DD8316D80B17}
		{117F0C6E-1D05-4AB4-8450-EFF4EB5C99DE} = {A523AC16-0F58-446A-A1E5-DD8316D80B17}
		{D30966B7-7D02-4AA0-B682-E8CF7B85D5BA} = {A523AC16-0F58-446A-A1E5-DD8316D80B17}
		{D59C15BD-8D7D-475A-A1A8-732901DB4715} = {A523AC16-0F58-446A-A1E5-DD8316D80B17}
		{B7689AA5-442E-4C51-A4E5-1A0665763760} = {D59C15BD-8D7D-475A-A1A8-732901DB4715}
		{D921FA42-0A0A-4C5A-9936-67DD94CB925D} = {D59C15BD-8D7D-475A-A1A8-732901DB4715}
		{5837881B-E329-4749-BBAC-E2CB6FA401E4} = {D59C15BD-8D7D-475A-A1A8-732901DB4715}
		{B2BBFF99-1B52-41B3-8E9E-85C813F6EFA8} = {D59C15BD-8D7D-475A-A1A8-732901DB4715}
		{7CD3D8AD-6C3B-4966-909E-5E44783F5B9C} = {D59C15BD-8D7D-475A-A1A8-732901DB4715}
		{EF94806F-F115-4300-B2FB-4E140B9D6D47} = {D59C15BD-8D7D-475A-A1A8-732901DB4715}
		{9D487F42-2C31-4FB7-96C7-FA7EDC97C20E} = {D30966B7-7D02-4AA0-B682-E8CF7B85D5BA}
		{1341ABB6-9C86-488F-B3A0-DC65E1082EE3} = {D30966B7-7D02-4AA0-B682-E8CF7B85D5BA}
		{A5EAE77F-3CB4-4B66-950A-9E87124D099E} = {D30966B7-7D02-4AA0-B682-E8CF7B85D5BA}
		{B17EDA97-CBFB-49B4-9C8A-14CF05E7A61A} = {D30966B7-7D02-4AA0-B682-E8CF7B85D5BA}
		{85D663EC-1951-4398-BE3C-531E3ED891DC} = {D30966B7-7D02-4AA0-B682-E8CF7B85D5BA}
		{4824A52C-0E1F-460C-B51F-85046E375AAC} = {D30966B7-7D02-4AA0-B682-E8CF7B85D5BA}
		{69FE8053-3BB2-478C-8824-208BCBDEB12F} = {D30966B7-7D02-4AA0-B682-E8CF7B85D5BA}
		{DDB3F38E-D6D8-4103-BAD3-CA1E03A62C6E} = {9D487F42-2C31-4FB7-96C7-FA7EDC97C20E}
		{43EDD5B9-D947-4B09-96D0-81E3D15E5B18} = {9D487F42-2C31-4FB7-96C7-FA7EDC97C20E}
		{6010E03F-5A33-460B-9550-639E76EB77D5} = {9D487F42-2C31-4FB7-96C7-FA7EDC97C20E}
		{4E622733-558E-4313-982E-FFC03FBFCBFB} = {9D487F42-2C31-4FB7-96C7-FA7EDC97C20E}
		{A314324C-8A19-440D-BE31-51E5CE33D2F8} = {1341ABB6-9C86-488F-B3A0-DC65E1082EE3}
		{5703AA28-E9D2-4A3C-8826-D8D53984249A} = {1341ABB6-9C86-488F-B3A0-DC65E1082EE3}
		{121F9694-EAAF-49B7-8344-85B97DF0F7A6} = {1341ABB6-9C86-488F-B3A0-DC65E1082EE3}
		{3339C119-0C55-4F48-90AD-E9F29EF88F4F} = {1341ABB6-9C86-488F-B3A0-DC65E1082EE3}
		{96AFCCB9-B75A-49B7-A0E9-37DD351AF493} = {A5EAE77F-3CB4-4B66-950A-9E87124D099E}
		{87EA548F-28F7-42A1-96C5-72AD21818B24} = {A5EAE77F-3CB4-4B66-950A-9E87124D099E}
		{E79E99D9-E847-43F6-AA7C-21C87477758D} = {A5EAE77F-3CB4-4B66-950A-9E87124D099E}
		{FF7820D3-A8C9-4D81-A027-38884621F39D} = {A5EAE77F-3CB4-4B66-950A-9E87124D099E}
		{1FF279B4-929E-4C33-A6CD-FE5B5C91C858} = {B17EDA97-CBFB-49B4-9C8A-14CF05E7A61A}
		{6F420ECA-0BFC-4FAF-8E49-B007D5256B14} = {B17EDA97-CBFB-49B4-9C8A-14CF05E7A61A}
		{C2C65977-1214-4847-AD69-E1E40FCD1B2E} = {B17EDA97-CBFB-49B4-9C8A-14CF05E7A61A}
		{758A2407-47B1-4393-B51A-89F5A2785343} = {B17EDA97-CBFB-49B4-9C8A-14CF05E7A61A}
		{E67309F8-6F34-42BE-B284-F13D8472BEBE} = {B17EDA97-CBFB-49B4-9C8A-14CF05E7A61A}
		{668725F6-C0A8-4098-A425-5FC0901D1FDE} = {85D663EC-1951-4398-BE3C-531E3ED891DC}
		{14450D3F-5235-4255-9842-E591918F236D} = {85D663EC-1951-4398-BE3C-531E3ED891DC}
		{F0BCD917-4495-49AB-988E-074B35318858} = {85D663EC-1951-4398-BE3C-531E3ED891DC}
		{84B0B875-BC8C-498B-83F9-6168CFAAC173} = {85D663EC-1951-4398-BE3C-531E3ED891DC}
		{C89FD4F2-6DF7-46BC-AEF1-5C2AE2FE31E6} = {4824A52C-0E1F-460C-B51F-85046E375AAC}
		{47F216F9-81A8-44B0-A832-29B377BFE7CC} = {4824A52C-0E1F-460C-B51F-85046E375AAC}
		{7B92DB89-496A-412F-AAB3-1996B8333A8A} = {4824A52C-0E1F-460C-B51F-85046E375AAC}
		{B0980E2E-5161-4D4B-A742-9DC93C04B5FE} = {4824A52C-0E1F-460C-B51F-85046E375AAC}
		{EF889A7F-1EDF-4BEE-ACDB-73306B49795A} = {69FE8053-3BB2-478C-8824-208BCBDEB12F}
		{4FCD38DD-8B2E-44BE-A2C4-BD700000D6BE} = {69FE8053-3BB2-478C-8824-208BCBDEB12F}
		{8C99842E-7AE7-4B8A-956E-22B3CA2B719D} = {69FE8053-3BB2-478C-8824-208BCBDEB12F}
		{5E18946B-1FA1-4EE2-BD5F-650603809690} = {69FE8053-3BB2-478C-8824-208BCBDEB12F}
		{4731C1D4-5E09-4178-BD3A-F095B777F44E} = {F37AB0D0-A8E8-45B8-B699-E417282F1680}
		{018102F6-C188-4261-B529-77A284A78D3A} = {F37AB0D0-A8E8-45B8-B699-E417282F1680}
		{D78558DB-E8CA-477B-AFDB-6B68B341C697} = {117F0C6E-1D05-4AB4-8450-EFF4EB5C99DE}
		{27FD547A-4B4B-4C7B-A3E6-BDE0220F5318} = {A523AC16-0F58-446A-A1E5-DD8316D80B17}
		{0558ED0A-362B-4D31-9CDA-64EE380EBBDD} = {27FD547A-4B4B-4C7B-A3E6-BDE0220F5318}
		{7E1F1756-7DD4-4671-A92A-E6BB206BE098} = {27FD547A-4B4B-4C7B-A3E6-BDE0220F5318}
		{F01ACEF5-92DE-466B-A8EF-3C2DC4221C60} = {27FD547A-4B4B-4C7B-A3E6-BDE0220F5318}
		{1E105B8C-5189-46C9-96E4-720ACD8CBAFC} = {27FD547A-4B4B-4C7B-A3E6-BDE0220F5318}
		{CAAAC5A5-B521-4830-B409-EE34167A53AB} = {27FD547A-4B4B-4C7B-A3E6-BDE0220F5318}
		{242AB87D-E57E-4913-8E4F-32FC86000F54} = {27FD547A-4B4B-4C7B-A3E6-BDE0220F5318}
		{8E61CE22-9DCF-4EFF-8189-E6A2C496233F} = {27FD547A-4B4B-4C7B-A3E6-BDE0220F5318}
		{CD393397-1765-4F9F-A060-57C812A4C3D2} = {27FD547A-4B4B-4C7B-A3E6-BDE0220F5318}
		{899FEFB7-37AA-48D1-8DDD-A1ABE437DC19} = {27FD547A-4B4B-4C7B-A3E6-BDE0220F5318}
		{FACB6536-D4C7-48A6-B046-8715F4FA99CA} = {27FD547A-4B4B-4C7B-A3E6-BDE0220F5318}
		{5C7CDC26-EB1C-497A-96EF-BA3A19CB63B7} = {27FD547A-4B4B-4C7B-A3E6-BDE0220F5318}
	EndGlobalSection
	GlobalSection(ExtensibilityGlobals) = postSolution
		SolutionGuid = {BB97ECF4-9A84-433F-A80B-2A3285BDD1D5}
	EndGlobalSection
EndGlobal
