
Microsoft Visual Studio Solution File, Format Version 12.00
Project("{2150E333-8FDC-42A3-9474-1A3956D46DE8}") = "src", "src", "{E0D559A5-D677-40AB-954A-A3C6B423DDE1}"
EndProject
Project("{2150E333-8FDC-42A3-9474-1A3956D46DE8}") = "test", "test", "{3C4EF628-3691-4204-B22B-EB639DB44EA4}"
EndProject
Project("{FAE04EC0-301F-11D3-BF4B-00C04F79EFBC}") = "Hhs.Shared.Localization", "src\Hhs.Shared.Localization\Hhs.Shared.Localization.csproj", "{5CDF7730-0066-4AD7-8174-EC12A88C91D8}"
EndProject
Project("{FAE04EC0-301F-11D3-BF4B-00C04F79EFBC}") = "Hhs.Shared.Hosting.Microservices", "src\Hhs.Shared.Hosting.Microservices\Hhs.Shared.Hosting.Microservices.csproj", "{69AE5571-3DEF-47F5-904B-35189D527E61}"
EndProject
Project("{FAE04EC0-301F-11D3-BF4B-00C04F79EFBC}") = "Hhs.Shared.Hosting.Gateways", "src\Hhs.Shared.Hosting.Gateways\Hhs.Shared.Hosting.Gateways.csproj", "{C0417FD3-4A93-4080-8625-E9AAD19D144C}"
EndProject
Project("{FAE04EC0-301F-11D3-BF4B-00C04F79EFBC}") = "Hhs.Shared.Hosting", "src\Hhs.Shared.Hosting\Hhs.Shared.Hosting.csproj", "{7D0D95FB-F8E8-4CCD-81D8-6D52C353DD9F}"
EndProject
Project("{FAE04EC0-301F-11D3-BF4B-00C04F79EFBC}") = "Hhs.Shared.Helper", "src\Hhs.Shared.Helper\Hhs.Shared.Helper.csproj", "{3370EACA-048E-434C-9333-E310099C9255}"
EndProject
Project("{FAE04EC0-301F-11D3-BF4B-00C04F79EFBC}") = "Hhs.Shared.Contracts", "src\Hhs.Shared.Contracts\Hhs.Shared.Contracts.csproj", "{B1BA0A6B-1B23-46A6-B8B8-E0EDA1B0FE88}"
EndProject
Global
	GlobalSection(SolutionConfigurationPlatforms) = preSolution
		Debug|Any CPU = Debug|Any CPU
		Release|Any CPU = Release|Any CPU
	EndGlobalSection
	GlobalSection(NestedProjects) = preSolution
		{5CDF7730-0066-4AD7-8174-EC12A88C91D8} = {E0D559A5-D677-40AB-954A-A3C6B423DDE1}
		{69AE5571-3DEF-47F5-904B-35189D527E61} = {E0D559A5-D677-40AB-954A-A3C6B423DDE1}
		{C0417FD3-4A93-4080-8625-E9AAD19D144C} = {E0D559A5-D677-40AB-954A-A3C6B423DDE1}
		{7D0D95FB-F8E8-4CCD-81D8-6D52C353DD9F} = {E0D559A5-D677-40AB-954A-A3C6B423DDE1}
		{3370EACA-048E-434C-9333-E310099C9255} = {E0D559A5-D677-40AB-954A-A3C6B423DDE1}
		{B1BA0A6B-1B23-46A6-B8B8-E0EDA1B0FE88} = {E0D559A5-D677-40AB-954A-A3C6B423DDE1}
	EndGlobalSection
	GlobalSection(ProjectConfigurationPlatforms) = postSolution
		{5CDF7730-0066-4AD7-8174-EC12A88C91D8}.Debug|Any CPU.ActiveCfg = Debug|Any CPU
		{5CDF7730-0066-4AD7-8174-EC12A88C91D8}.Debug|Any CPU.Build.0 = Debug|Any CPU
		{5CDF7730-0066-4AD7-8174-EC12A88C91D8}.Release|Any CPU.ActiveCfg = Release|Any CPU
		{5CDF7730-0066-4AD7-8174-EC12A88C91D8}.Release|Any CPU.Build.0 = Release|Any CPU
		{69AE5571-3DEF-47F5-904B-35189D527E61}.Debug|Any CPU.ActiveCfg = Debug|Any CPU
		{69AE5571-3DEF-47F5-904B-35189D527E61}.Debug|Any CPU.Build.0 = Debug|Any CPU
		{69AE5571-3DEF-47F5-904B-35189D527E61}.Release|Any CPU.ActiveCfg = Release|Any CPU
		{69AE5571-3DEF-47F5-904B-35189D527E61}.Release|Any CPU.Build.0 = Release|Any CPU
		{C0417FD3-4A93-4080-8625-E9AAD19D144C}.Debug|Any CPU.ActiveCfg = Debug|Any CPU
		{C0417FD3-4A93-4080-8625-E9AAD19D144C}.Debug|Any CPU.Build.0 = Debug|Any CPU
		{C0417FD3-4A93-4080-8625-E9AAD19D144C}.Release|Any CPU.ActiveCfg = Release|Any CPU
		{C0417FD3-4A93-4080-8625-E9AAD19D144C}.Release|Any CPU.Build.0 = Release|Any CPU
		{7D0D95FB-F8E8-4CCD-81D8-6D52C353DD9F}.Debug|Any CPU.ActiveCfg = Debug|Any CPU
		{7D0D95FB-F8E8-4CCD-81D8-6D52C353DD9F}.Debug|Any CPU.Build.0 = Debug|Any CPU
		{7D0D95FB-F8E8-4CCD-81D8-6D52C353DD9F}.Release|Any CPU.ActiveCfg = Release|Any CPU
		{7D0D95FB-F8E8-4CCD-81D8-6D52C353DD9F}.Release|Any CPU.Build.0 = Release|Any CPU
		{3370EACA-048E-434C-9333-E310099C9255}.Debug|Any CPU.ActiveCfg = Debug|Any CPU
		{3370EACA-048E-434C-9333-E310099C9255}.Debug|Any CPU.Build.0 = Debug|Any CPU
		{3370EACA-048E-434C-9333-E310099C9255}.Release|Any CPU.ActiveCfg = Release|Any CPU
		{3370EACA-048E-434C-9333-E310099C9255}.Release|Any CPU.Build.0 = Release|Any CPU
		{B1BA0A6B-1B23-46A6-B8B8-E0EDA1B0FE88}.Debug|Any CPU.ActiveCfg = Debug|Any CPU
		{B1BA0A6B-1B23-46A6-B8B8-E0EDA1B0FE88}.Debug|Any CPU.Build.0 = Debug|Any CPU
		{B1BA0A6B-1B23-46A6-B8B8-E0EDA1B0FE88}.Release|Any CPU.ActiveCfg = Release|Any CPU
		{B1BA0A6B-1B23-46A6-B8B8-E0EDA1B0FE88}.Release|Any CPU.Build.0 = Release|Any CPU
	EndGlobalSection
EndGlobal
