
Microsoft Visual Studio Solution File, Format Version 12.00
Project("{2150E333-8FDC-42A3-9474-1A3956D46DE8}") = "src", "src", "{6D3D2A1C-8592-48DA-9B00-7F72F39BB15F}"
EndProject
Project("{2150E333-8FDC-42A3-9474-1A3956D46DE8}") = "test", "test", "{9265E257-6252-4F3B-BFFA-F1D870008415}"
EndProject
Project("{FAE04EC0-301F-11D3-BF4B-00C04F79EFBC}") = "Hhs.TextNormalizerService.Http.Host", "src\Hhs.TextNormalizerService.Http.Host\Hhs.TextNormalizerService.Http.Host.csproj", "{E04BBA4B-65B2-4887-AB8E-C4ADF263C53F}"
EndProject
Project("{FAE04EC0-301F-11D3-BF4B-00C04F79EFBC}") = "Hhs.TextNormalizerService.Application", "src\Hhs.TextNormalizerService.Application\Hhs.TextNormalizerService.Application.csproj", "{DDE7183B-9429-4FFB-BE57-A45DCDA7BD55}"
EndProject
Project("{FAE04EC0-301F-11D3-BF4B-00C04F79EFBC}") = "Hhs.TextNormalizerService.Domain", "src\Hhs.TextNormalizerService.Domain\Hhs.TextNormalizerService.Domain.csproj", "{6EAB0489-8AD7-4E33-871A-DDA2E31E1DED}"
EndProject
Project("{FAE04EC0-301F-11D3-BF4B-00C04F79EFBC}") = "Hhs.TextNormalizerService.MongoDb", "src\Hhs.TextNormalizerService.MongoDb\Hhs.TextNormalizerService.MongoDb.csproj", "{365C393A-3FD7-405C-A1A4-319B11230E20}"
EndProject
Project("{2150E333-8FDC-42A3-9474-1A3956D46DE8}") = "Domain", "Domain", "{38BF88D7-699D-493B-B47B-97C18B396407}"
EndProject
Project("{2150E333-8FDC-42A3-9474-1A3956D46DE8}") = "Hosting", "Hosting", "{156FA5B8-010C-4689-9B04-83461D2A9421}"
EndProject
Project("{FAE04EC0-301F-11D3-BF4B-00C04F79EFBC}") = "Hhs.TextNormalizerService.Test.Shared", "test\Hhs.TextNormalizerService.Test.Shared\Hhs.TextNormalizerService.Test.Shared.csproj", "{EE691DDA-564B-4EBE-BEC3-55AF9441086E}"
EndProject
Project("{FAE04EC0-301F-11D3-BF4B-00C04F79EFBC}") = "Hhs.TextNormalizerService.Test.Functional", "test\Hhs.TextNormalizerService.Test.Functional\Hhs.TextNormalizerService.Test.Functional.csproj", "{96D6B9AC-2D52-415D-BEE1-ED71433DDF64}"
EndProject
Global
	GlobalSection(SolutionConfigurationPlatforms) = preSolution
		Debug|Any CPU = Debug|Any CPU
		Release|Any CPU = Release|Any CPU
	EndGlobalSection
	GlobalSection(NestedProjects) = preSolution
		{38BF88D7-699D-493B-B47B-97C18B396407} = {6D3D2A1C-8592-48DA-9B00-7F72F39BB15F}
		{156FA5B8-010C-4689-9B04-83461D2A9421} = {6D3D2A1C-8592-48DA-9B00-7F72F39BB15F}
		{E04BBA4B-65B2-4887-AB8E-C4ADF263C53F} = {156FA5B8-010C-4689-9B04-83461D2A9421}
		{DDE7183B-9429-4FFB-BE57-A45DCDA7BD55} = {38BF88D7-699D-493B-B47B-97C18B396407}
		{6EAB0489-8AD7-4E33-871A-DDA2E31E1DED} = {38BF88D7-699D-493B-B47B-97C18B396407}
		{365C393A-3FD7-405C-A1A4-319B11230E20} = {38BF88D7-699D-493B-B47B-97C18B396407}
		{EE691DDA-564B-4EBE-BEC3-55AF9441086E} = {9265E257-6252-4F3B-BFFA-F1D870008415}
		{96D6B9AC-2D52-415D-BEE1-ED71433DDF64} = {9265E257-6252-4F3B-BFFA-F1D870008415}
	EndGlobalSection
	GlobalSection(ProjectConfigurationPlatforms) = postSolution
		{E04BBA4B-65B2-4887-AB8E-C4ADF263C53F}.Debug|Any CPU.ActiveCfg = Debug|Any CPU
		{E04BBA4B-65B2-4887-AB8E-C4ADF263C53F}.Debug|Any CPU.Build.0 = Debug|Any CPU
		{E04BBA4B-65B2-4887-AB8E-C4ADF263C53F}.Release|Any CPU.ActiveCfg = Release|Any CPU
		{E04BBA4B-65B2-4887-AB8E-C4ADF263C53F}.Release|Any CPU.Build.0 = Release|Any CPU
		{DDE7183B-9429-4FFB-BE57-A45DCDA7BD55}.Debug|Any CPU.ActiveCfg = Debug|Any CPU
		{DDE7183B-9429-4FFB-BE57-A45DCDA7BD55}.Debug|Any CPU.Build.0 = Debug|Any CPU
		{DDE7183B-9429-4FFB-BE57-A45DCDA7BD55}.Release|Any CPU.ActiveCfg = Release|Any CPU
		{DDE7183B-9429-4FFB-BE57-A45DCDA7BD55}.Release|Any CPU.Build.0 = Release|Any CPU
		{6EAB0489-8AD7-4E33-871A-DDA2E31E1DED}.Debug|Any CPU.ActiveCfg = Debug|Any CPU
		{6EAB0489-8AD7-4E33-871A-DDA2E31E1DED}.Debug|Any CPU.Build.0 = Debug|Any CPU
		{6EAB0489-8AD7-4E33-871A-DDA2E31E1DED}.Release|Any CPU.ActiveCfg = Release|Any CPU
		{6EAB0489-8AD7-4E33-871A-DDA2E31E1DED}.Release|Any CPU.Build.0 = Release|Any CPU
		{365C393A-3FD7-405C-A1A4-319B11230E20}.Debug|Any CPU.ActiveCfg = Debug|Any CPU
		{365C393A-3FD7-405C-A1A4-319B11230E20}.Debug|Any CPU.Build.0 = Debug|Any CPU
		{365C393A-3FD7-405C-A1A4-319B11230E20}.Release|Any CPU.ActiveCfg = Release|Any CPU
		{365C393A-3FD7-405C-A1A4-319B11230E20}.Release|Any CPU.Build.0 = Release|Any CPU
		{EE691DDA-564B-4EBE-BEC3-55AF9441086E}.Debug|Any CPU.ActiveCfg = Debug|Any CPU
		{EE691DDA-564B-4EBE-BEC3-55AF9441086E}.Debug|Any CPU.Build.0 = Debug|Any CPU
		{EE691DDA-564B-4EBE-BEC3-55AF9441086E}.Release|Any CPU.ActiveCfg = Release|Any CPU
		{EE691DDA-564B-4EBE-BEC3-55AF9441086E}.Release|Any CPU.Build.0 = Release|Any CPU
		{96D6B9AC-2D52-415D-BEE1-ED71433DDF64}.Debug|Any CPU.ActiveCfg = Debug|Any CPU
		{96D6B9AC-2D52-415D-BEE1-ED71433DDF64}.Debug|Any CPU.Build.0 = Debug|Any CPU
		{96D6B9AC-2D52-415D-BEE1-ED71433DDF64}.Release|Any CPU.ActiveCfg = Release|Any CPU
		{96D6B9AC-2D52-415D-BEE1-ED71433DDF64}.Release|Any CPU.Build.0 = Release|Any CPU
	EndGlobalSection
EndGlobal
